{
	"name": "@stryker-mutator/jasmine-runner",
	"version": "5.5.0",
	"lockfileVersion": 1,
	"requires": true,
	"dependencies": {
		"@types/node": {
			"version": "16.11.10",
			"resolved": "https://registry.npmjs.org/@types/node/-/node-16.11.10.tgz",
			"integrity": "sha512-3aRnHa1KlOEEhJ6+CvyHKK5vE9BcLGjtUpwvqYLRvYNQKMfabu3BwfJaA/SLW8dxe28LsNDjtHwePTuzn3gmOA==",
			"dev": true
		}
	}
}
