{
  "name": "@stryker-mutator/jasmine-runner",
  "version": "6.4.2",
  "lockfileVersion": 2,
  "requires": true,
  "packages": {
    "": {
      "name": "@stryker-mutator/jasmine-runner",
      "version": "6.4.2",
      "license": "Apache-2.0",
      "devDependencies": {
        "@types/node": "18.15.8"
      },
      "engines": {
        "node": ">=14.18.0"
      },
      "peerDependencies": {
        "@stryker-mutator/core": "^6.4.0",
        "jasmine": ">=3.10 <5"
      }
    },
    "node_modules/@types/node": {
      "version": "18.15.8",
      "resolved": "https://registry.npmjs.org/@types/node/-/node-18.15.8.tgz",
      "integrity": "sha512-kzGNJZ57XEH7RdckxZ7wfRjB9hgZABF+NLgR1B2zogUvV0gmK0/60VYA4yb4oKZckPiiJlmmfpdqTfCN0VRX+Q==",
      "dev": true
    }
  },
  "dependencies": {
    "@types/node": {
      "version": "18.15.8",
      "resolved": "https://registry.npmjs.org/@types/node/-/node-18.15.8.tgz",
      "integrity": "sha512-kzGNJZ57XEH7RdckxZ7wfRjB9hgZABF+NLgR1B2zogUvV0gmK0/60VYA4yb4oKZckPiiJlmmfpdqTfCN0VRX+Q==",
      "dev": true
    }
  }
}
