{
  "name": "stryker-jasmine",
  "version": "0.8.4",
  "lockfileVersion": 1,
  "requires": true,
  "dependencies": {
    "stryker-api": {
      "version": "0.17.0",
      "dev": true,
      "requires": {
        "tslib": "^1.6.0"
      },
      "dependencies": {
        "surrial": {
          "version": "0.1.3",
          "bundled": true
        },
        "tslib": {
          "version": "1.9.0",
          "bundled": true,
          "dev": true
        }
      }
    }
  }
}
