{
  "name": "svelte-old-version",
  "version": "0.0.0",
  "lockfileVersion": 3,
  "requires": true,
  "packages": {
    "": {
      "name": "svelte-old-version",
      "version": "0.0.0",
      "devDependencies": {
        "svelte": "3.52"
      }
    },
    "node_modules/svelte": {
      "version": "3.52.0",
      "resolved": "https://registry.npmjs.org/svelte/-/svelte-3.52.0.tgz",
      "integrity": "sha512-FxcnEUOAVfr10vDU5dVgJN19IvqeHQCS1zfe8vayTfis9A2t5Fhx+JDe5uv/C3j//bB1umpLJ6quhgs9xyUbCQ==",
      "dev": true,
      "engines": {
        "node": ">= 8"
      }
    }
  }
}
