{
	"name": "karma-webpack-with-ts",
	"lockfileVersion": 2,
	"requires": true,
	"packages": {
		"": {
			"name": "karma-webpack-with-ts",
			"dependencies": {
				"lit-element": "~2.3.1",
				"mutation-testing-metrics": "1.7.10",
				"mutation-testing-report-schema": "1.7.10"
			},
			"devDependencies": {
				"@types/webpack-env": "~1.15.2"
			}
		},
		"node_modules/@types/webpack-env": {
			"version": "1.15.3",
			"resolved": "https://registry.npmjs.org/@types/webpack-env/-/webpack-env-1.15.3.tgz",
			"integrity": "sha512-5oiXqR7kwDGZ6+gmzIO2lTC+QsriNuQXZDWNYRV3l2XRN/zmPgnC21DLSx2D05zvD8vnXW6qUg7JnXZ4I6qLVQ==",
			"dev": true
		},
		"node_modules/lit-element": {
			"version": "2.3.1",
			"resolved": "https://registry.npmjs.org/lit-element/-/lit-element-2.3.1.tgz",
			"integrity": "sha512-tOcUAmeO3BzwiQ7FGWdsshNvC0HVHcTFYw/TLIImmKwXYoV0E7zCBASa8IJ7DiP4cen/Yoj454gS0qqTnIGsFA==",
			"dependencies": {
				"lit-html": "^1.1.1"
			}
		},
		"node_modules/lit-html": {
			"version": "1.4.1",
			"resolved": "https://registry.npmjs.org/lit-html/-/lit-html-1.4.1.tgz",
			"integrity": "sha512-B9btcSgPYb1q4oSOb/PrOT6Z/H+r6xuNzfH4lFli/AWhYwdtrgQkQWBbIc6mdnf6E2IL3gDXdkkqNktpU0OZQA=="
		},
		"node_modules/mutation-testing-metrics": {
			"version": "1.7.10",
			"resolved": "https://registry.npmjs.org/mutation-testing-metrics/-/mutation-testing-metrics-1.7.10.tgz",
			"integrity": "sha512-wQnfnvMoSkV/5AHurRaDouiXf2ENoo23cXNZw70ks+mftEGPwLMStlyQZytQrcY/9lQDdrNSdMSPt2Zri75OcA==",
			"dependencies": {
				"mutation-testing-report-schema": "1.7.10"
			}
		},
		"node_modules/mutation-testing-report-schema": {
			"version": "1.7.10",
			"resolved": "https://registry.npmjs.org/mutation-testing-report-schema/-/mutation-testing-report-schema-1.7.10.tgz",
			"integrity": "sha512-lPbEVTAlx0XCXA5GKpb6+0mtDk9MoepYVsXhEtRcwiHRjmqBn2frwXL1Xmkh6HxYnEDIQddzZAgk8SIbkV7p+g=="
		}
	},
	"dependencies": {
		"@types/webpack-env": {
			"version": "1.15.3",
			"resolved": "https://registry.npmjs.org/@types/webpack-env/-/webpack-env-1.15.3.tgz",
			"integrity": "sha512-5oiXqR7kwDGZ6+gmzIO2lTC+QsriNuQXZDWNYRV3l2XRN/zmPgnC21DLSx2D05zvD8vnXW6qUg7JnXZ4I6qLVQ==",
			"dev": true
		},
		"lit-element": {
			"version": "2.3.1",
			"resolved": "https://registry.npmjs.org/lit-element/-/lit-element-2.3.1.tgz",
			"integrity": "sha512-tOcUAmeO3BzwiQ7FGWdsshNvC0HVHcTFYw/TLIImmKwXYoV0E7zCBASa8IJ7DiP4cen/Yoj454gS0qqTnIGsFA==",
			"requires": {
				"lit-html": "^1.1.1"
			}
		},
		"lit-html": {
			"version": "1.4.1",
			"resolved": "https://registry.npmjs.org/lit-html/-/lit-html-1.4.1.tgz",
			"integrity": "sha512-B9btcSgPYb1q4oSOb/PrOT6Z/H+r6xuNzfH4lFli/AWhYwdtrgQkQWBbIc6mdnf6E2IL3gDXdkkqNktpU0OZQA=="
		},
		"mutation-testing-metrics": {
			"version": "1.7.10",
			"resolved": "https://registry.npmjs.org/mutation-testing-metrics/-/mutation-testing-metrics-1.7.10.tgz",
			"integrity": "sha512-wQnfnvMoSkV/5AHurRaDouiXf2ENoo23cXNZw70ks+mftEGPwLMStlyQZytQrcY/9lQDdrNSdMSPt2Zri75OcA==",
			"requires": {
				"mutation-testing-report-schema": "1.7.10"
			}
		},
		"mutation-testing-report-schema": {
			"version": "1.7.10",
			"resolved": "https://registry.npmjs.org/mutation-testing-report-schema/-/mutation-testing-report-schema-1.7.10.tgz",
			"integrity": "sha512-lPbEVTAlx0XCXA5GKpb6+0mtDk9MoepYVsXhEtRcwiHRjmqBn2frwXL1Xmkh6HxYnEDIQddzZAgk8SIbkV7p+g=="
		}
	}
}
