{
  "name": "karma-webpack-with-ts",
  "requires": true,
  "lockfileVersion": 1,
  "dependencies": {
    "@types/webpack-env": {
      "version": "1.15.2",
      "resolved": "https://registry.npmjs.org/@types/webpack-env/-/webpack-env-1.15.2.tgz",
      "integrity": "sha512-67ZgZpAlhIICIdfQrB5fnDvaKFcDxpKibxznfYRVAT4mQE41Dido/3Ty+E3xGBmTogc5+0Qb8tWhna+5B8z1iQ==",
      "dev": true
    },
    "lit-element": {
      "version": "2.3.1",
      "resolved": "https://registry.npmjs.org/lit-element/-/lit-element-2.3.1.tgz",
      "integrity": "sha512-tOcUAmeO3BzwiQ7FGWdsshNvC0HVHcTFYw/TLIImmKwXYoV0E7zCBASa8IJ7DiP4cen/Yoj454gS0qqTnIGsFA==",
      "requires": {
        "lit-html": "^1.1.1"
      }
    },
    "lit-html": {
      "version": "1.2.1",
      "resolved": "https://registry.npmjs.org/lit-html/-/lit-html-1.2.1.tgz",
      "integrity": "sha512-GSJHHXMGLZDzTRq59IUfL9FCdAlGfqNp/dEa7k7aBaaWD+JKaCjsAk9KYm2V12ItonVaYx2dprN66Zdm1AuBTQ=="
    },
    "mutation-testing-metrics": {
      "version": "1.7.3",
      "resolved": "https://registry.npmjs.org/mutation-testing-metrics/-/mutation-testing-metrics-1.7.3.tgz",
      "integrity": "sha512-RI3UuxMTILvl85/6AVSQekHB2Ic9J5YoeAJS+43CgZIFIBCRv3opgj34B6dTuu92qZVez6EZlTPC4NKt2Iv/UQ==",
      "requires": {
        "mutation-testing-report-schema": "^1.7.3"
      }
    },
    "mutation-testing-report-schema": {
      "version": "1.7.3",
      "resolved": "https://registry.npmjs.org/mutation-testing-report-schema/-/mutation-testing-report-schema-1.7.3.tgz",
      "integrity": "sha512-AtlyhXsl7h4rUx1qVUCRZsrd/6j48J/ogTOa5hiZ/kjceXOApEmwezyGAakz/MYjRgrFdfB71/rcgUlYG49tZg=="
    }
  }
}
