{
	"requires": true,
	"lockfileVersion": 1,
	"dependencies": {
		"@types/babel-types": {
			"version": "6.25.1",
			"resolved": "https://registry.npmjs.org/@types/babel-types/-/babel-types-6.25.1.tgz",
			"integrity": "sha512-7Z6r20+HE0viAFhsW0d/UrC1K2tTlpXzGpNlYm8MmCv8z5PbAacFIshrM/MjlGRa5SBqxu2socpy8FHntwZKng=="
		},
		"@types/commander": {
			"version": "2.9.1",
			"resolved": "https://registry.npmjs.org/@types/commander/-/commander-2.9.1.tgz",
			"integrity": "sha512-P4s1aEJYjHB1pmS5th4WXQ/NEYykK1FmCFJL+NIrDCptWs2DIS/SsVjmaubvcWZ17VzlG+CwiAv52ghkfkepWA==",
			"requires": {
				"@types/node": "8.0.24"
			}
		},
		"@types/inquirer": {
			"version": "0.0.33",
			"resolved": "https://registry.npmjs.org/@types/inquirer/-/inquirer-0.0.33.tgz",
			"integrity": "sha1-nZbLyhEYNk4QwbvoY36lPAbow/I=",
			"requires": {
				"@types/rx": "4.1.1",
				"@types/through": "0.0.28"
			}
		},
		"@types/node": {
			"version": "8.0.24",
			"resolved": "https://registry.npmjs.org/@types/node/-/node-8.0.24.tgz",
			"integrity": "sha512-c3Npme+2JGqxW8+B+aXdN5SPIlCf1C8WxQC6Ea39rO/ASPosnMkWVR16mDJtRE+2dr2xwOQ7DiLxb+wO/TWuPg=="
		},
		"@types/prettier": {
			"version": "1.6.1",
			"resolved": "https://registry.npmjs.org/@types/prettier/-/prettier-1.6.1.tgz",
			"integrity": "sha512-K7Velxb9hB3D4ewRc4dGsNFpe1kf6T9NvGBBv68UGMY5ytAs99sUlyNd9YsfL0IVxRsVFwwv66t4UVVdpBEEXg==",
			"requires": {
				"@types/babel-types": "6.25.1"
			}
		},
		"@types/rx": {
			"version": "4.1.1",
			"resolved": "https://registry.npmjs.org/@types/rx/-/rx-4.1.1.tgz",
			"integrity": "sha1-WY/JSla67ZdfGUV04PVy/Y5iekg=",
			"requires": {
				"@types/rx-core": "4.0.3",
				"@types/rx-core-binding": "4.0.4",
				"@types/rx-lite": "4.0.4",
				"@types/rx-lite-aggregates": "4.0.3",
				"@types/rx-lite-async": "4.0.2",
				"@types/rx-lite-backpressure": "4.0.3",
				"@types/rx-lite-coincidence": "4.0.3",
				"@types/rx-lite-experimental": "4.0.1",
				"@types/rx-lite-joinpatterns": "4.0.1",
				"@types/rx-lite-testing": "4.0.1",
				"@types/rx-lite-time": "4.0.3",
				"@types/rx-lite-virtualtime": "4.0.3"
			}
		},
		"@types/rx-core": {
			"version": "4.0.3",
			"resolved": "https://registry.npmjs.org/@types/rx-core/-/rx-core-4.0.3.tgz",
			"integrity": "sha1-CzNUsSOM7b4rdPYybxOdvHpZHWA="
		},
		"@types/rx-core-binding": {
			"version": "4.0.4",
			"resolved": "https://registry.npmjs.org/@types/rx-core-binding/-/rx-core-binding-4.0.4.tgz",
			"integrity": "sha512-5pkfxnC4w810LqBPUwP5bg7SFR/USwhMSaAeZQQbEHeBp57pjKXRlXmqpMrLJB4y1oglR/c2502853uN0I+DAQ==",
			"requires": {
				"@types/rx-core": "4.0.3"
			}
		},
		"@types/rx-lite": {
			"version": "4.0.4",
			"resolved": "https://registry.npmjs.org/@types/rx-lite/-/rx-lite-4.0.4.tgz",
			"integrity": "sha1-cQ6/idCi1ZbCEEfZGxJCvO9Rwws=",
			"requires": {
				"@types/rx-core": "4.0.3",
				"@types/rx-core-binding": "4.0.4"
			}
		},
		"@types/rx-lite-aggregates": {
			"version": "4.0.3",
			"resolved": "https://registry.npmjs.org/@types/rx-lite-aggregates/-/rx-lite-aggregates-4.0.3.tgz",
			"integrity": "sha512-MAGDAHy8cRatm94FDduhJF+iNS5//jrZ/PIfm+QYw9OCeDgbymFHChM8YVIvN2zArwsRftKgE33QfRWvQk4DPg==",
			"requires": {
				"@types/rx-lite": "4.0.4"
			}
		},
		"@types/rx-lite-async": {
			"version": "4.0.2",
			"resolved": "https://registry.npmjs.org/@types/rx-lite-async/-/rx-lite-async-4.0.2.tgz",
			"integrity": "sha512-vTEv5o8l6702ZwfAM5aOeVDfUwBSDOs+ARoGmWAKQ6LOInQ8J4/zjM7ov12fuTpktUKdMQjkeCp07Vd73mPkxw==",
			"requires": {
				"@types/rx-lite": "4.0.4"
			}
		},
		"@types/rx-lite-backpressure": {
			"version": "4.0.3",
			"resolved": "https://registry.npmjs.org/@types/rx-lite-backpressure/-/rx-lite-backpressure-4.0.3.tgz",
			"integrity": "sha512-Y6aIeQCtNban5XSAF4B8dffhIKu6aAy/TXFlScHzSxh6ivfQBQw6UjxyEJxIOt3IT49YkS+siuayM2H/Q0cmgA==",
			"requires": {
				"@types/rx-lite": "4.0.4"
			}
		},
		"@types/rx-lite-coincidence": {
			"version": "4.0.3",
			"resolved": "https://registry.npmjs.org/@types/rx-lite-coincidence/-/rx-lite-coincidence-4.0.3.tgz",
			"integrity": "sha512-1VNJqzE9gALUyMGypDXZZXzR0Tt7LC9DdAZQ3Ou/Q0MubNU35agVUNXKGHKpNTba+fr8GdIdkC26bRDqtCQBeQ==",
			"requires": {
				"@types/rx-lite": "4.0.4"
			}
		},
		"@types/rx-lite-experimental": {
			"version": "4.0.1",
			"resolved": "https://registry.npmjs.org/@types/rx-lite-experimental/-/rx-lite-experimental-4.0.1.tgz",
			"integrity": "sha1-xTL1y98/LBXaFt7Ykw0bKYQCPL0=",
			"requires": {
				"@types/rx-lite": "4.0.4"
			}
		},
		"@types/rx-lite-joinpatterns": {
			"version": "4.0.1",
			"resolved": "https://registry.npmjs.org/@types/rx-lite-joinpatterns/-/rx-lite-joinpatterns-4.0.1.tgz",
			"integrity": "sha1-9w/jcFGKhDLykVjMkv+1a05K/D4=",
			"requires": {
				"@types/rx-lite": "4.0.4"
			}
		},
		"@types/rx-lite-testing": {
			"version": "4.0.1",
			"resolved": "https://registry.npmjs.org/@types/rx-lite-testing/-/rx-lite-testing-4.0.1.tgz",
			"integrity": "sha1-IbGdEfTf1v/vWp0WSOnIh5v+Iek=",
			"requires": {
				"@types/rx-lite-virtualtime": "4.0.3"
			}
		},
		"@types/rx-lite-time": {
			"version": "4.0.3",
			"resolved": "https://registry.npmjs.org/@types/rx-lite-time/-/rx-lite-time-4.0.3.tgz",
			"integrity": "sha512-ukO5sPKDRwCGWRZRqPlaAU0SKVxmWwSjiOrLhoQDoWxZWg6vyB9XLEZViKOzIO6LnTIQBlk4UylYV0rnhJLxQw==",
			"requires": {
				"@types/rx-lite": "4.0.4"
			}
		},
		"@types/rx-lite-virtualtime": {
			"version": "4.0.3",
			"resolved": "https://registry.npmjs.org/@types/rx-lite-virtualtime/-/rx-lite-virtualtime-4.0.3.tgz",
			"integrity": "sha512-3uC6sGmjpOKatZSVHI2xB1+dedgml669ZRvqxy+WqmGJDVusOdyxcKfyzjW0P3/GrCiN4nmRkLVMhPwHCc5QLg==",
			"requires": {
				"@types/rx-lite": "4.0.4"
			}
		},
		"@types/through": {
			"version": "0.0.28",
			"resolved": "https://registry.npmjs.org/@types/through/-/through-0.0.28.tgz",
			"integrity": "sha1-Hv+pptAPtIVytMyfRN8lsBANt/w=",
			"requires": {
				"@types/node": "8.0.24"
			}
		},
		"abbrev": {
			"version": "1.0.9",
			"resolved": "https://registry.npmjs.org/abbrev/-/abbrev-1.0.9.tgz",
			"integrity": "sha1-kbR5JYinc4wl813W9jdSovh3YTU="
		},
		"align-text": {
			"version": "0.1.4",
			"resolved": "https://registry.npmjs.org/align-text/-/align-text-0.1.4.tgz",
			"integrity": "sha1-DNkKVhCT810KmSVsIrcGlDP60Rc=",
			"requires": {
				"kind-of": "3.2.2",
				"longest": "1.0.1",
				"repeat-string": "1.6.1"
			}
		},
		"amdefine": {
			"version": "1.0.1",
			"resolved": "https://registry.npmjs.org/amdefine/-/amdefine-1.0.1.tgz",
			"integrity": "sha1-SlKCrBZHKek2Gbz9OtFR+BfOkfU="
		},
		"ansi-escapes": {
			"version": "2.0.0",
			"resolved": "https://registry.npmjs.org/ansi-escapes/-/ansi-escapes-2.0.0.tgz",
			"integrity": "sha1-W65SvkJIeN2Xg+iRDj/Cki6DyBs="
		},
		"ansi-regex": {
			"version": "2.1.1",
			"resolved": "https://registry.npmjs.org/ansi-regex/-/ansi-regex-2.1.1.tgz",
			"integrity": "sha1-w7M6te42DYbg5ijwRorn7yfWVN8="
		},
		"ansi-styles": {
			"version": "2.2.1",
			"resolved": "https://registry.npmjs.org/ansi-styles/-/ansi-styles-2.2.1.tgz",
			"integrity": "sha1-tDLdM1i2NM914eRmQ2gkBTPB3b4="
		},
		"any-promise": {
			"version": "1.3.0",
			"resolved": "https://registry.npmjs.org/any-promise/-/any-promise-1.3.0.tgz",
			"integrity": "sha1-q8av7tzqUugJzcA3au0845Y10X8="
		},
		"argparse": {
			"version": "1.0.9",
			"resolved": "https://registry.npmjs.org/argparse/-/argparse-1.0.9.tgz",
			"integrity": "sha1-c9g7wmP4bpf4zE9rrhsOkKfSLIY=",
			"requires": {
				"sprintf-js": "1.0.3"
			}
		},
		"async": {
			"version": "1.5.2",
			"resolved": "https://registry.npmjs.org/async/-/async-1.5.2.tgz",
			"integrity": "sha1-7GphrlZIDAw8skHJVhjiCJL5Zyo="
		},
		"balanced-match": {
			"version": "1.0.0",
			"resolved": "https://registry.npmjs.org/balanced-match/-/balanced-match-1.0.0.tgz",
			"integrity": "sha1-ibTRmasr7kneFk6gK4nORi1xt2c="
		},
		"brace-expansion": {
			"version": "1.1.8",
			"resolved": "https://registry.npmjs.org/brace-expansion/-/brace-expansion-1.1.8.tgz",
			"integrity": "sha1-wHshHHyVLsH479Uad+8NHTmQopI=",
			"requires": {
				"balanced-match": "1.0.0",
				"concat-map": "0.0.1"
			}
		},
		"camelcase": {
			"version": "1.2.1",
			"resolved": "https://registry.npmjs.org/camelcase/-/camelcase-1.2.1.tgz",
			"integrity": "sha1-m7UwTS4LVmmLLHWLCKPqqdqlijk=",
			"optional": true
		},
		"center-align": {
			"version": "0.1.3",
			"resolved": "https://registry.npmjs.org/center-align/-/center-align-0.1.3.tgz",
			"integrity": "sha1-qg0yYptu6XIgBBHL1EYckHvCt60=",
			"optional": true,
			"requires": {
				"align-text": "0.1.4",
				"lazy-cache": "1.0.4"
			}
		},
		"chalk": {
			"version": "1.1.3",
			"resolved": "https://registry.npmjs.org/chalk/-/chalk-1.1.3.tgz",
			"integrity": "sha1-qBFcVeSnAv5NFQq9OHKCKn4J/Jg=",
			"requires": {
				"ansi-styles": "2.2.1",
				"escape-string-regexp": "1.0.5",
				"has-ansi": "2.0.0",
				"strip-ansi": "3.0.1",
				"supports-color": "2.0.0"
			}
		},
		"cli-cursor": {
			"version": "2.1.0",
			"resolved": "https://registry.npmjs.org/cli-cursor/-/cli-cursor-2.1.0.tgz",
			"integrity": "sha1-s12sN2R5+sw+lHR9QdDQ9SOP/LU=",
			"requires": {
				"restore-cursor": "2.0.0"
			}
		},
		"cli-width": {
			"version": "2.1.0",
			"resolved": "https://registry.npmjs.org/cli-width/-/cli-width-2.1.0.tgz",
			"integrity": "sha1-sjTKIJsp72b8UY2bmNWEewDt8Ao="
		},
		"cliui": {
			"version": "2.1.0",
			"resolved": "https://registry.npmjs.org/cliui/-/cliui-2.1.0.tgz",
			"integrity": "sha1-S0dXYP+AJkx2LDoXGQMukcf+oNE=",
			"optional": true,
			"requires": {
				"center-align": "0.1.3",
				"right-align": "0.1.3",
				"wordwrap": "0.0.2"
			},
			"dependencies": {
				"wordwrap": {
					"version": "0.0.2",
					"resolved": "https://registry.npmjs.org/wordwrap/-/wordwrap-0.0.2.tgz",
					"integrity": "sha1-t5Zpu0LstAn4PVg8rVLKF+qhZD8=",
					"optional": true
				}
			}
		},
		"color-convert": {
			"version": "1.9.0",
			"resolved": "https://registry.npmjs.org/color-convert/-/color-convert-1.9.0.tgz",
			"integrity": "sha1-Gsz5fdc5uYO/mU1W/sj5WFNkG3o=",
			"requires": {
				"color-name": "1.1.3"
			}
		},
		"color-name": {
			"version": "1.1.3",
			"resolved": "https://registry.npmjs.org/color-name/-/color-name-1.1.3.tgz",
			"integrity": "sha1-p9BVi9icQveV3UIyj3QIMcpTvCU="
		},
		"commander": {
			"version": "2.11.0",
			"resolved": "https://registry.npmjs.org/commander/-/commander-2.11.0.tgz",
			"integrity": "sha512-b0553uYA5YAEGgyYIGYROzKQ7X5RAqedkfjiZxwi0kL1g3bOaBNNZfYkzt/CL0umgD5wc9Jec2FbB98CjkMRvQ=="
		},
		"concat-map": {
			"version": "0.0.1",
			"resolved": "https://registry.npmjs.org/concat-map/-/concat-map-0.0.1.tgz",
			"integrity": "sha1-2Klr13/Wjfd5OnMDajug1UBdR3s="
		},
		"core-util-is": {
			"version": "1.0.2",
			"resolved": "https://registry.npmjs.org/core-util-is/-/core-util-is-1.0.2.tgz",
			"integrity": "sha1-tf1UIgqivFq1eqtxQMlAdUUDwac="
		},
		"date-format": {
			"version": "0.0.0",
			"resolved": "https://registry.npmjs.org/date-format/-/date-format-0.0.0.tgz",
			"integrity": "sha1-CSBoY6sHDrRZrOpVQsvYVrEZZrM="
		},
		"debug": {
			"version": "2.6.8",
			"resolved": "https://registry.npmjs.org/debug/-/debug-2.6.8.tgz",
			"integrity": "sha1-5zFTHKLt4n0YgiJCfaF4IdaP9Pw=",
			"requires": {
				"ms": "2.0.0"
			}
		},
		"decamelize": {
			"version": "1.2.0",
			"resolved": "https://registry.npmjs.org/decamelize/-/decamelize-1.2.0.tgz",
			"integrity": "sha1-9lNNFRSCabIDUue+4m9QH5oZEpA=",
			"optional": true
		},
		"deep-is": {
			"version": "0.1.3",
			"resolved": "https://registry.npmjs.org/deep-is/-/deep-is-0.1.3.tgz",
			"integrity": "sha1-s2nW+128E+7PUk+RsHD+7cNXzzQ="
		},
		"escape-string-regexp": {
			"version": "1.0.5",
			"resolved": "https://registry.npmjs.org/escape-string-regexp/-/escape-string-regexp-1.0.5.tgz",
			"integrity": "sha1-G2HAViGQqN/2rjuyzwIAyhMLhtQ="
		},
		"escodegen": {
			"version": "1.8.1",
			"resolved": "https://registry.npmjs.org/escodegen/-/escodegen-1.8.1.tgz",
			"integrity": "sha1-WltTr0aTEQvrsIZ6o0MN07cKEBg=",
			"requires": {
				"esprima": "2.7.3",
				"estraverse": "1.9.3",
				"esutils": "2.0.2",
				"optionator": "0.8.2",
				"source-map": "0.2.0"
			}
		},
		"esprima": {
			"version": "2.7.3",
			"resolved": "https://registry.npmjs.org/esprima/-/esprima-2.7.3.tgz",
			"integrity": "sha1-luO3DVd59q1JzQMmc9HDEnZ7pYE="
		},
		"estraverse": {
			"version": "1.9.3",
			"resolved": "https://registry.npmjs.org/estraverse/-/estraverse-1.9.3.tgz",
			"integrity": "sha1-r2fy3JIlgkFZUJJgkaQAXSnJu0Q="
		},
		"esutils": {
			"version": "2.0.2",
			"resolved": "https://registry.npmjs.org/esutils/-/esutils-2.0.2.tgz",
			"integrity": "sha1-Cr9PHKpbyx96nYrMbepPqqBLrJs="
		},
		"external-editor": {
			"version": "2.0.4",
			"resolved": "https://registry.npmjs.org/external-editor/-/external-editor-2.0.4.tgz",
			"integrity": "sha1-HtkZnanL/i7y96MbL96LDRI2iXI=",
			"requires": {
				"iconv-lite": "0.4.18",
				"jschardet": "1.5.1",
				"tmp": "0.0.31"
			}
		},
		"fast-levenshtein": {
			"version": "2.0.6",
			"resolved": "https://registry.npmjs.org/fast-levenshtein/-/fast-levenshtein-2.0.6.tgz",
			"integrity": "sha1-PYpcZog6FqMMqGQ+hR8Zuqd5eRc="
		},
		"figures": {
			"version": "2.0.0",
			"resolved": "https://registry.npmjs.org/figures/-/figures-2.0.0.tgz",
			"integrity": "sha1-OrGi0qYsi/tDGgyUy3l6L84nyWI=",
			"requires": {
				"escape-string-regexp": "1.0.5"
			}
		},
		"fs.realpath": {
			"version": "1.0.0",
			"resolved": "https://registry.npmjs.org/fs.realpath/-/fs.realpath-1.0.0.tgz",
			"integrity": "sha1-FQStJSMVjKpA20onh8sBQRmU6k8="
		},
		"glob": {
			"version": "7.1.2",
			"resolved": "https://registry.npmjs.org/glob/-/glob-7.1.2.tgz",
			"integrity": "sha512-MJTUg1kjuLeQCJ+ccE4Vpa6kKVXkPYJ2mOCQyUuKLcLQsdrMCpBPUi8qVE6+YuaJkozeA9NusTAw3hLr8Xe5EQ==",
			"requires": {
				"fs.realpath": "1.0.0",
				"inflight": "1.0.6",
				"inherits": "2.0.3",
				"minimatch": "3.0.4",
				"once": "1.4.0",
				"path-is-absolute": "1.0.1"
			}
		},
		"handlebars": {
			"version": "4.0.10",
			"resolved": "https://registry.npmjs.org/handlebars/-/handlebars-4.0.10.tgz",
			"integrity": "sha1-PTDHGLCaPZbyPqTMH0A8TTup/08=",
			"requires": {
				"async": "1.5.2",
				"optimist": "0.6.1",
				"source-map": "0.4.4",
				"uglify-js": "2.8.29"
			},
			"dependencies": {
				"source-map": {
					"version": "0.4.4",
					"resolved": "https://registry.npmjs.org/source-map/-/source-map-0.4.4.tgz",
					"integrity": "sha1-66T12pwNyZneaAMti092FzZSA2s=",
					"requires": {
						"amdefine": "1.0.1"
					}
				}
			}
		},
		"has-ansi": {
			"version": "2.0.0",
			"resolved": "https://registry.npmjs.org/has-ansi/-/has-ansi-2.0.0.tgz",
			"integrity": "sha1-NPUEnOHs3ysGSa8+8k5F7TVBbZE=",
			"requires": {
				"ansi-regex": "2.1.1"
			}
		},
		"has-flag": {
			"version": "2.0.0",
			"resolved": "https://registry.npmjs.org/has-flag/-/has-flag-2.0.0.tgz",
			"integrity": "sha1-6CB68cx7MNRGzHC3NLXovhj4jVE="
		},
		"iconv-lite": {
			"version": "0.4.18",
			"resolved": "https://registry.npmjs.org/iconv-lite/-/iconv-lite-0.4.18.tgz",
			"integrity": "sha512-sr1ZQph3UwHTR0XftSbK85OvBbxe/abLGzEnPENCQwmHf7sck8Oyu4ob3LgBxWWxRoM+QszeUyl7jbqapu2TqA=="
		},
		"inflight": {
			"version": "1.0.6",
			"resolved": "https://registry.npmjs.org/inflight/-/inflight-1.0.6.tgz",
			"integrity": "sha1-Sb1jMdfQLQwJvJEKEHW6gWW1bfk=",
			"requires": {
				"once": "1.4.0",
				"wrappy": "1.0.2"
			}
		},
		"inherits": {
			"version": "2.0.3",
			"resolved": "https://registry.npmjs.org/inherits/-/inherits-2.0.3.tgz",
			"integrity": "sha1-Yzwsg+PaQqUC9SRmAiSA9CCCYd4="
		},
		"inquirer": {
			"version": "3.2.2",
			"resolved": "https://registry.npmjs.org/inquirer/-/inquirer-3.2.2.tgz",
			"integrity": "sha512-bTKLzEHJVATimZO/YFdLrom0lRx1BHfRYskFHfIMVkGdp8+dIZaxuU+4yrsS1lcu6YWywVQVVsfvdwESzbeqHw==",
			"requires": {
				"ansi-escapes": "2.0.0",
				"chalk": "2.1.0",
				"cli-cursor": "2.1.0",
				"cli-width": "2.1.0",
				"external-editor": "2.0.4",
				"figures": "2.0.0",
				"lodash": "4.17.4",
				"mute-stream": "0.0.7",
				"run-async": "2.3.0",
				"rx-lite": "4.0.8",
				"rx-lite-aggregates": "4.0.8",
				"string-width": "2.1.1",
				"strip-ansi": "4.0.0",
				"through": "2.3.8"
			},
			"dependencies": {
				"ansi-regex": {
					"version": "3.0.0",
					"resolved": "https://registry.npmjs.org/ansi-regex/-/ansi-regex-3.0.0.tgz",
					"integrity": "sha1-7QMXwyIGT3lGbAKWa922Bas32Zg="
				},
				"ansi-styles": {
					"version": "3.2.0",
					"resolved": "https://registry.npmjs.org/ansi-styles/-/ansi-styles-3.2.0.tgz",
					"integrity": "sha512-NnSOmMEYtVR2JVMIGTzynRkkaxtiq1xnFBcdQD/DnNCYPoEPsVJhM98BDyaoNOQIi7p4okdi3E27eN7GQbsUug==",
					"requires": {
						"color-convert": "1.9.0"
					}
				},
				"chalk": {
					"version": "2.1.0",
					"resolved": "https://registry.npmjs.org/chalk/-/chalk-2.1.0.tgz",
					"integrity": "sha512-LUHGS/dge4ujbXMJrnihYMcL4AoOweGnw9Tp3kQuqy1Kx5c1qKjqvMJZ6nVJPMWJtKCTN72ZogH3oeSO9g9rXQ==",
					"requires": {
						"ansi-styles": "3.2.0",
						"escape-string-regexp": "1.0.5",
						"supports-color": "4.2.1"
					}
				},
				"strip-ansi": {
					"version": "4.0.0",
					"resolved": "https://registry.npmjs.org/strip-ansi/-/strip-ansi-4.0.0.tgz",
					"integrity": "sha1-qEeQIusaw2iocTibY1JixQXuNo8=",
					"requires": {
						"ansi-regex": "3.0.0"
					}
				},
				"supports-color": {
					"version": "4.2.1",
					"resolved": "https://registry.npmjs.org/supports-color/-/supports-color-4.2.1.tgz",
					"integrity": "sha512-qxzYsob3yv6U+xMzPrv170y8AwGP7i74g+pbixCfD6rgso8BscLT2qXIuz6TpOaiJZ3mFgT5O9lyT9nMU4LfaA==",
					"requires": {
						"has-flag": "2.0.0"
					}
				}
			}
		},
		"is-buffer": {
			"version": "1.1.5",
			"resolved": "https://registry.npmjs.org/is-buffer/-/is-buffer-1.1.5.tgz",
			"integrity": "sha1-Hzsm72E7IUuIy8ojzGwB2Hlh7sw="
		},
		"is-fullwidth-code-point": {
			"version": "2.0.0",
			"resolved": "https://registry.npmjs.org/is-fullwidth-code-point/-/is-fullwidth-code-point-2.0.0.tgz",
			"integrity": "sha1-o7MKXE8ZkYMWeqq5O+764937ZU8="
		},
		"is-promise": {
			"version": "2.1.0",
			"resolved": "https://registry.npmjs.org/is-promise/-/is-promise-2.1.0.tgz",
			"integrity": "sha1-eaKp7OfwlugPNtKy87wWwf9L8/o="
		},
		"isarray": {
			"version": "0.0.1",
			"resolved": "https://registry.npmjs.org/isarray/-/isarray-0.0.1.tgz",
			"integrity": "sha1-ihis/Kmo9Bd+Cav8YDiTmwXR7t8="
		},
		"isexe": {
			"version": "2.0.0",
			"resolved": "https://registry.npmjs.org/isexe/-/isexe-2.0.0.tgz",
			"integrity": "sha1-6PvzdNxVb/iUehDcsFctYz8s+hA="
		},
		"istanbul": {
			"version": "0.4.5",
			"resolved": "https://registry.npmjs.org/istanbul/-/istanbul-0.4.5.tgz",
			"integrity": "sha1-ZcfXPUxNqE1POsMQuRj7C4Azczs=",
			"requires": {
				"abbrev": "1.0.9",
				"async": "1.5.2",
				"escodegen": "1.8.1",
				"esprima": "2.7.3",
				"glob": "5.0.15",
				"handlebars": "4.0.10",
				"js-yaml": "3.9.1",
				"mkdirp": "0.5.1",
				"nopt": "3.0.6",
				"once": "1.4.0",
				"resolve": "1.1.7",
				"supports-color": "3.2.3",
				"which": "1.3.0",
				"wordwrap": "1.0.0"
			},
			"dependencies": {
				"glob": {
					"version": "5.0.15",
					"resolved": "https://registry.npmjs.org/glob/-/glob-5.0.15.tgz",
					"integrity": "sha1-G8k2ueAvSmA/zCIuz3Yz0wuLk7E=",
					"requires": {
						"inflight": "1.0.6",
						"inherits": "2.0.3",
						"minimatch": "3.0.4",
						"once": "1.4.0",
						"path-is-absolute": "1.0.1"
					}
				},
				"has-flag": {
					"version": "1.0.0",
					"resolved": "https://registry.npmjs.org/has-flag/-/has-flag-1.0.0.tgz",
					"integrity": "sha1-nZ55MWXOAXoA8AQYxD+UKnsdEfo="
				},
				"supports-color": {
					"version": "3.2.3",
					"resolved": "https://registry.npmjs.org/supports-color/-/supports-color-3.2.3.tgz",
					"integrity": "sha1-ZawFBLOVQXHYpklGsq48u4pfVPY=",
					"requires": {
						"has-flag": "1.0.0"
					}
				}
			}
		},
		"js-yaml": {
			"version": "3.9.1",
			"resolved": "https://registry.npmjs.org/js-yaml/-/js-yaml-3.9.1.tgz",
			"integrity": "sha512-CbcG379L1e+mWBnLvHWWeLs8GyV/EMw862uLI3c+GxVyDHWZcjZinwuBd3iW2pgxgIlksW/1vNJa4to+RvDOww==",
			"requires": {
				"argparse": "1.0.9",
				"esprima": "4.0.0"
			},
			"dependencies": {
				"esprima": {
					"version": "4.0.0",
					"resolved": "https://registry.npmjs.org/esprima/-/esprima-4.0.0.tgz",
					"integrity": "sha512-oftTcaMu/EGrEIu904mWteKIv8vMuOgGYo7EhVJJN00R/EED9DCua/xxHRdYnKtcECzVg7xOWhflvJMnqcFZjw=="
				}
			}
		},
		"jschardet": {
			"version": "1.5.1",
			"resolved": "https://registry.npmjs.org/jschardet/-/jschardet-1.5.1.tgz",
			"integrity": "sha512-vE2hT1D0HLZCLLclfBSfkfTTedhVj0fubHpJBHKwwUWX0nSbhPAfk+SG9rTX95BYNmau8rGFfCeaT6T5OW1C2A=="
		},
		"kind-of": {
			"version": "3.2.2",
			"resolved": "https://registry.npmjs.org/kind-of/-/kind-of-3.2.2.tgz",
			"integrity": "sha1-MeohpzS6ubuw8yRm2JOupR5KPGQ=",
			"requires": {
				"is-buffer": "1.1.5"
			}
		},
		"lazy-cache": {
			"version": "1.0.4",
			"resolved": "https://registry.npmjs.org/lazy-cache/-/lazy-cache-1.0.4.tgz",
			"integrity": "sha1-odePw6UEdMuAhF07O24dpJpEbo4=",
			"optional": true
		},
		"levn": {
			"version": "0.3.0",
			"resolved": "https://registry.npmjs.org/levn/-/levn-0.3.0.tgz",
			"integrity": "sha1-OwmSTt+fCDwEkP3UwLxEIeBHZO4=",
			"requires": {
				"prelude-ls": "1.1.2",
				"type-check": "0.3.2"
			}
		},
		"lodash": {
			"version": "4.17.4",
			"resolved": "https://registry.npmjs.org/lodash/-/lodash-4.17.4.tgz",
			"integrity": "sha1-eCA6TRwyiuHYbcpkYONptX9AVa4="
		},
		"log4js": {
			"version": "1.1.1",
			"resolved": "https://registry.npmjs.org/log4js/-/log4js-1.1.1.tgz",
			"integrity": "sha1-wh0px2BAieTyVYM+f5SzRh3h/0M=",
			"requires": {
				"debug": "2.6.8",
				"semver": "5.4.1",
				"streamroller": "0.4.1"
			}
		},
		"longest": {
			"version": "1.0.1",
			"resolved": "https://registry.npmjs.org/longest/-/longest-1.0.1.tgz",
			"integrity": "sha1-MKCy2jj3N3DoKUoNIuZiXtd9AJc="
		},
		"mimic-fn": {
			"version": "1.1.0",
			"resolved": "https://registry.npmjs.org/mimic-fn/-/mimic-fn-1.1.0.tgz",
			"integrity": "sha1-5md4PZLonb00KBi1IwudYqZyrRg="
		},
		"minimatch": {
			"version": "3.0.4",
			"resolved": "https://registry.npmjs.org/minimatch/-/minimatch-3.0.4.tgz",
			"integrity": "sha512-yJHVQEhyqPLUTgt9B83PXu6W3rx4MvvHvSUvToogpwoGDOUQ+yDrR0HRot+yOCdCO7u4hX3pWft6kWBBcqh0UA==",
			"requires": {
				"brace-expansion": "1.1.8"
			}
		},
		"minimist": {
			"version": "0.0.10",
			"resolved": "https://registry.npmjs.org/minimist/-/minimist-0.0.10.tgz",
			"integrity": "sha1-3j+YVD2/lggr5IrRoMfNqDYwHc8="
		},
		"mkdirp": {
			"version": "0.5.1",
			"resolved": "https://registry.npmjs.org/mkdirp/-/mkdirp-0.5.1.tgz",
			"integrity": "sha1-MAV0OOrGz3+MR2fzhkjWaX11yQM=",
			"requires": {
				"minimist": "0.0.8"
			},
			"dependencies": {
				"minimist": {
					"version": "0.0.8",
					"resolved": "https://registry.npmjs.org/minimist/-/minimist-0.0.8.tgz",
					"integrity": "sha1-hX/Kv8M5fSYluCKCYuhqp6ARsF0="
				}
			}
		},
		"ms": {
			"version": "2.0.0",
			"resolved": "https://registry.npmjs.org/ms/-/ms-2.0.0.tgz",
			"integrity": "sha1-VgiurfwAvmwpAd9fmGF4jeDVl8g="
		},
		"mute-stream": {
			"version": "0.0.7",
			"resolved": "https://registry.npmjs.org/mute-stream/-/mute-stream-0.0.7.tgz",
			"integrity": "sha1-MHXOk7whuPq0PhvE2n6BFe0ee6s="
		},
		"mz": {
			"version": "2.6.0",
			"resolved": "https://registry.npmjs.org/mz/-/mz-2.6.0.tgz",
			"integrity": "sha1-yLhSHZWN8KTydoAl22nHGe5O8c4=",
			"requires": {
				"any-promise": "1.3.0",
				"object-assign": "4.1.1",
				"thenify-all": "1.6.0"
			}
		},
		"nopt": {
			"version": "3.0.6",
			"resolved": "https://registry.npmjs.org/nopt/-/nopt-3.0.6.tgz",
			"integrity": "sha1-xkZdvwirzU2zWTF/eaxopkayj/k=",
			"requires": {
				"abbrev": "1.0.9"
			}
		},
		"object-assign": {
			"version": "4.1.1",
			"resolved": "https://registry.npmjs.org/object-assign/-/object-assign-4.1.1.tgz",
			"integrity": "sha1-IQmtx5ZYh8/AXLvUQsrIv7s2CGM="
		},
		"once": {
			"version": "1.4.0",
			"resolved": "https://registry.npmjs.org/once/-/once-1.4.0.tgz",
			"integrity": "sha1-WDsap3WWHUsROsF9nFC6753Xa9E=",
			"requires": {
				"wrappy": "1.0.2"
			}
		},
		"onetime": {
			"version": "2.0.1",
			"resolved": "https://registry.npmjs.org/onetime/-/onetime-2.0.1.tgz",
			"integrity": "sha1-BnQoIw/WdEOyeUsiu6UotoZ5YtQ=",
			"requires": {
				"mimic-fn": "1.1.0"
			}
		},
		"optimist": {
			"version": "0.6.1",
			"resolved": "https://registry.npmjs.org/optimist/-/optimist-0.6.1.tgz",
			"integrity": "sha1-2j6nRob6IaGaERwybpDrFaAZZoY=",
			"requires": {
				"minimist": "0.0.10",
				"wordwrap": "0.0.3"
			},
			"dependencies": {
				"wordwrap": {
					"version": "0.0.3",
					"resolved": "https://registry.npmjs.org/wordwrap/-/wordwrap-0.0.3.tgz",
					"integrity": "sha1-o9XabNXAvAAI03I0u68b7WMFkQc="
				}
			}
		},
		"optionator": {
			"version": "0.8.2",
			"resolved": "https://registry.npmjs.org/optionator/-/optionator-0.8.2.tgz",
			"integrity": "sha1-NkxeQJ0/TWMB1sC0wFu6UBgK62Q=",
			"requires": {
				"deep-is": "0.1.3",
				"fast-levenshtein": "2.0.6",
				"levn": "0.3.0",
				"prelude-ls": "1.1.2",
				"type-check": "0.3.2",
				"wordwrap": "1.0.0"
			}
		},
		"os-tmpdir": {
			"version": "1.0.2",
			"resolved": "https://registry.npmjs.org/os-tmpdir/-/os-tmpdir-1.0.2.tgz",
			"integrity": "sha1-u+Z0BseaqFxc/sdm/lc0VV36EnQ="
		},
		"path-is-absolute": {
			"version": "1.0.1",
			"resolved": "https://registry.npmjs.org/path-is-absolute/-/path-is-absolute-1.0.1.tgz",
			"integrity": "sha1-F0uSaHNVNP+8es5r9TpanhtcX18="
		},
		"prelude-ls": {
			"version": "1.1.2",
			"resolved": "https://registry.npmjs.org/prelude-ls/-/prelude-ls-1.1.2.tgz",
			"integrity": "sha1-IZMqVJ9eUv/ZqCf1cOBL5iqX2lQ="
		},
		"prettier": {
			"version": "1.6.1",
			"resolved": "https://registry.npmjs.org/prettier/-/prettier-1.6.1.tgz",
			"integrity": "sha512-f85qBoQiqiFM/sCmJaN4Lagj9bqMcv38vCftqp4GfVessAqq3Ns6g+3gd8UXReStLLE/DGEdwiZXoFKxphKqwg=="
		},
		"progress": {
			"version": "1.1.8",
			"resolved": "https://registry.npmjs.org/progress/-/progress-1.1.8.tgz",
			"integrity": "sha1-4mDHj2Fhzdmw5WzD4Khd4Xx6V74="
		},
		"readable-stream": {
			"version": "1.1.14",
			"resolved": "https://registry.npmjs.org/readable-stream/-/readable-stream-1.1.14.tgz",
			"integrity": "sha1-fPTFTvZI44EwhMY23SB54WbAgdk=",
			"requires": {
				"core-util-is": "1.0.2",
				"inherits": "2.0.3",
				"isarray": "0.0.1",
				"string_decoder": "0.10.31"
			}
		},
		"repeat-string": {
			"version": "1.6.1",
			"resolved": "https://registry.npmjs.org/repeat-string/-/repeat-string-1.6.1.tgz",
			"integrity": "sha1-jcrkcOHIirwtYA//Sndihtp15jc="
		},
		"resolve": {
			"version": "1.1.7",
			"resolved": "https://registry.npmjs.org/resolve/-/resolve-1.1.7.tgz",
			"integrity": "sha1-IDEU2CrSxe2ejgQRs5ModeiJ6Xs="
		},
		"restore-cursor": {
			"version": "2.0.0",
			"resolved": "https://registry.npmjs.org/restore-cursor/-/restore-cursor-2.0.0.tgz",
			"integrity": "sha1-n37ih/gv0ybU/RYpI9YhKe7g368=",
			"requires": {
				"onetime": "2.0.1",
				"signal-exit": "3.0.2"
			}
		},
		"right-align": {
			"version": "0.1.3",
			"resolved": "https://registry.npmjs.org/right-align/-/right-align-0.1.3.tgz",
			"integrity": "sha1-YTObci/mo1FWiSENJOFMlhSGE+8=",
			"optional": true,
			"requires": {
				"align-text": "0.1.4"
			}
		},
		"rimraf": {
			"version": "2.6.1",
			"resolved": "https://registry.npmjs.org/rimraf/-/rimraf-2.6.1.tgz",
			"integrity": "sha1-wjOOxkPfeht/5cVPqG9XQopV8z0=",
			"requires": {
				"glob": "7.1.2"
			}
		},
		"run-async": {
			"version": "2.3.0",
			"resolved": "https://registry.npmjs.org/run-async/-/run-async-2.3.0.tgz",
			"integrity": "sha1-A3GrSuC91yDUFm19/aZP96RFpsA=",
			"requires": {
				"is-promise": "2.1.0"
			}
		},
		"rx-lite": {
			"version": "4.0.8",
			"resolved": "https://registry.npmjs.org/rx-lite/-/rx-lite-4.0.8.tgz",
			"integrity": "sha1-Cx4Rr4vESDbwSmQH6S2kJGe3lEQ="
		},
		"rx-lite-aggregates": {
			"version": "4.0.8",
			"resolved": "https://registry.npmjs.org/rx-lite-aggregates/-/rx-lite-aggregates-4.0.8.tgz",
			"integrity": "sha1-dTuHqJoRyVRnxKwWJsTvxOBcZ74=",
			"requires": {
				"rx-lite": "4.0.8"
			}
		},
		"rxjs": {
			"version": "5.4.3",
			"resolved": "https://registry.npmjs.org/rxjs/-/rxjs-5.4.3.tgz",
			"integrity": "sha512-fSNi+y+P9ss+EZuV0GcIIqPUK07DEaMRUtLJvdcvMyFjc9dizuDjere+A4V7JrLGnm9iCc+nagV/4QdMTkqC4A==",
			"requires": {
				"symbol-observable": "1.0.4"
			}
		},
		"semver": {
			"version": "5.4.1",
			"resolved": "https://registry.npmjs.org/semver/-/semver-5.4.1.tgz",
			"integrity": "sha512-WfG/X9+oATh81XtllIo/I8gOiY9EXRdv1cQdyykeXK17YcUW3EXUAi2To4pcH6nZtJPr7ZOpM5OMyWJZm+8Rsg=="
		},
		"serialize-javascript": {
			"version": "1.4.0",
			"resolved": "https://registry.npmjs.org/serialize-javascript/-/serialize-javascript-1.4.0.tgz",
			"integrity": "sha1-fJWFFNtqwkQ6irwGLcn3iGp/YAU="
		},
		"signal-exit": {
			"version": "3.0.2",
			"resolved": "https://registry.npmjs.org/signal-exit/-/signal-exit-3.0.2.tgz",
			"integrity": "sha1-tf3AjxKH6hF4Yo5BXiUTK3NkbG0="
		},
		"source-map": {
			"version": "0.2.0",
			"resolved": "https://registry.npmjs.org/source-map/-/source-map-0.2.0.tgz",
			"integrity": "sha1-2rc/vPwrqBm03gO9b26qSBZLP50=",
			"optional": true,
			"requires": {
				"amdefine": "1.0.1"
			}
		},
		"sprintf-js": {
			"version": "1.0.3",
			"resolved": "https://registry.npmjs.org/sprintf-js/-/sprintf-js-1.0.3.tgz",
			"integrity": "sha1-BOaSb2YolTVPPdAVIDYzuFcpfiw="
		},
		"streamroller": {
			"version": "0.4.1",
			"resolved": "https://registry.npmjs.org/streamroller/-/streamroller-0.4.1.tgz",
			"integrity": "sha1-1DW9WXQ3Or2b2QaDWVEwhRBswF8=",
			"requires": {
				"date-format": "0.0.0",
				"debug": "0.7.4",
				"mkdirp": "0.5.1",
				"readable-stream": "1.1.14"
			},
			"dependencies": {
				"debug": {
					"version": "0.7.4",
					"resolved": "https://registry.npmjs.org/debug/-/debug-0.7.4.tgz",
					"integrity": "sha1-BuHqgILCyxTjmAbiLi9vdX+Srzk="
				}
			}
		},
		"string_decoder": {
			"version": "0.10.31",
			"resolved": "https://registry.npmjs.org/string_decoder/-/string_decoder-0.10.31.tgz",
			"integrity": "sha1-YuIDvEF2bGwoyfyEMB2rHFMQ+pQ="
		},
		"string-width": {
			"version": "2.1.1",
			"resolved": "https://registry.npmjs.org/string-width/-/string-width-2.1.1.tgz",
			"integrity": "sha512-nOqH59deCq9SRHlxq1Aw85Jnt4w6KvLKqWVik6oA9ZklXLNIOlqg4F2yrT1MVaTjAqvVwdfeZ7w7aCvJD7ugkw==",
			"requires": {
				"is-fullwidth-code-point": "2.0.0",
				"strip-ansi": "4.0.0"
			},
			"dependencies": {
				"ansi-regex": {
					"version": "3.0.0",
					"resolved": "https://registry.npmjs.org/ansi-regex/-/ansi-regex-3.0.0.tgz",
					"integrity": "sha1-7QMXwyIGT3lGbAKWa922Bas32Zg="
				},
				"strip-ansi": {
					"version": "4.0.0",
					"resolved": "https://registry.npmjs.org/strip-ansi/-/strip-ansi-4.0.0.tgz",
					"integrity": "sha1-qEeQIusaw2iocTibY1JixQXuNo8=",
					"requires": {
						"ansi-regex": "3.0.0"
					}
				}
			}
		},
		"strip-ansi": {
			"version": "3.0.1",
			"resolved": "https://registry.npmjs.org/strip-ansi/-/strip-ansi-3.0.1.tgz",
			"integrity": "sha1-ajhfuIU9lS1f8F0Oiq+UJ43GPc8=",
			"requires": {
				"ansi-regex": "2.1.1"
			}
		},
		"supports-color": {
			"version": "2.0.0",
			"resolved": "https://registry.npmjs.org/supports-color/-/supports-color-2.0.0.tgz",
			"integrity": "sha1-U10EXOa2Nj+kARcIRimZXp3zJMc="
		},
		"symbol-observable": {
			"version": "1.0.4",
			"resolved": "https://registry.npmjs.org/symbol-observable/-/symbol-observable-1.0.4.tgz",
			"integrity": "sha1-Kb9hXUqnEhvdiYsi1LP5vE4qoD0="
		},
		"thenify": {
			"version": "3.3.0",
			"resolved": "https://registry.npmjs.org/thenify/-/thenify-3.3.0.tgz",
			"integrity": "sha1-5p44obq+lpsBCCB5eLn2K4hgSDk=",
			"requires": {
				"any-promise": "1.3.0"
			}
		},
		"thenify-all": {
			"version": "1.6.0",
			"resolved": "https://registry.npmjs.org/thenify-all/-/thenify-all-1.6.0.tgz",
			"integrity": "sha1-GhkY1ALY/D+Y+/I02wvMjMEOlyY=",
			"requires": {
				"thenify": "3.3.0"
			}
		},
		"through": {
			"version": "2.3.8",
			"resolved": "https://registry.npmjs.org/through/-/through-2.3.8.tgz",
			"integrity": "sha1-DdTJ/6q8NXlgsbckEV1+Doai4fU="
		},
		"tmp": {
			"version": "0.0.31",
			"resolved": "https://registry.npmjs.org/tmp/-/tmp-0.0.31.tgz",
			"integrity": "sha1-jzirlDjhcxXl29izZX6L+yd65Kc=",
			"requires": {
				"os-tmpdir": "1.0.2"
			}
		},
		"tslib": {
			"version": "1.7.1",
			"resolved": "https://registry.npmjs.org/tslib/-/tslib-1.7.1.tgz",
			"integrity": "sha1-vIAEFkaRkjp5/oN4u+s9ogF1OOw="
		},
		"tunnel": {
			"version": "0.0.4",
			"resolved": "https://registry.npmjs.org/tunnel/-/tunnel-0.0.4.tgz",
			"integrity": "sha1-LTeFoVjBdMmhbcLARuxfxfF0IhM="
		},
		"type-check": {
			"version": "0.3.2",
			"resolved": "https://registry.npmjs.org/type-check/-/type-check-0.3.2.tgz",
			"integrity": "sha1-WITKtRLPHTVeP7eE8wgEsrUg23I=",
			"requires": {
				"prelude-ls": "1.1.2"
			}
		},
		"typed-rest-client": {
			"version": "0.10.0",
			"resolved": "https://registry.npmjs.org/typed-rest-client/-/typed-rest-client-0.10.0.tgz",
			"integrity": "sha1-XhO4j/hDAvlNph/rQsWo9YF4jxc=",
			"requires": {
				"tunnel": "0.0.4",
				"underscore": "1.8.3"
			}
		},
		"uglify-js": {
			"version": "2.8.29",
			"resolved": "https://registry.npmjs.org/uglify-js/-/uglify-js-2.8.29.tgz",
			"integrity": "sha1-KcVzMUgFe7Th913zW3qcty5qWd0=",
			"optional": true,
			"requires": {
				"source-map": "0.5.6",
				"uglify-to-browserify": "1.0.2",
				"yargs": "3.10.0"
			},
			"dependencies": {
				"source-map": {
					"version": "0.5.6",
					"resolved": "https://registry.npmjs.org/source-map/-/source-map-0.5.6.tgz",
					"integrity": "sha1-dc449SvwczxafwwRjYEzSiu19BI=",
					"optional": true
				}
			}
		},
		"uglify-to-browserify": {
			"version": "1.0.2",
			"resolved": "https://registry.npmjs.org/uglify-to-browserify/-/uglify-to-browserify-1.0.2.tgz",
			"integrity": "sha1-bgkk1r2mta/jSeOabWMoUKD4grc=",
			"optional": true
		},
		"underscore": {
			"version": "1.8.3",
			"resolved": "https://registry.npmjs.org/underscore/-/underscore-1.8.3.tgz",
			"integrity": "sha1-Tz+1OxBuYJf8+ctBCfKl6b36UCI="
		},
		"which": {
			"version": "1.3.0",
			"resolved": "https://registry.npmjs.org/which/-/which-1.3.0.tgz",
			"integrity": "sha512-xcJpopdamTuY5duC/KnTTNBraPK54YwpenP4lzxU8H91GudWpFv38u0CKjclE1Wi2EH2EDz5LRcHcKbCIzqGyg==",
			"requires": {
				"isexe": "2.0.0"
			}
		},
		"window-size": {
			"version": "0.1.0",
			"resolved": "https://registry.npmjs.org/window-size/-/window-size-0.1.0.tgz",
			"integrity": "sha1-VDjNLqk7IC76Ohn+iIeu58lPnJ0=",
			"optional": true
		},
		"wordwrap": {
			"version": "1.0.0",
			"resolved": "https://registry.npmjs.org/wordwrap/-/wordwrap-1.0.0.tgz",
			"integrity": "sha1-J1hIEIkUVqQXHI0CJkQa3pDLyus="
		},
		"wrappy": {
			"version": "1.0.2",
			"resolved": "https://registry.npmjs.org/wrappy/-/wrappy-1.0.2.tgz",
			"integrity": "sha1-tSQ9jz7BqjXxNkYFvA0QNuMKtp8="
		},
		"yargs": {
			"version": "3.10.0",
			"resolved": "https://registry.npmjs.org/yargs/-/yargs-3.10.0.tgz",
			"integrity": "sha1-9+572FfdfB0tOMDnTvvWgdFDH9E=",
			"optional": true,
			"requires": {
				"camelcase": "1.2.1",
				"cliui": "2.1.0",
				"decamelize": "1.2.0",
				"window-size": "0.1.0"
			}
		}
	}
}
