{
  "name": "@stryker-mutator/util",
  "version": "6.4.2",
  "lockfileVersion": 2,
  "requires": true,
  "packages": {
    "": {
      "name": "@stryker-mutator/util",
      "version": "6.4.2",
      "license": "Apache-2.0",
      "dependencies": {
        "lodash.flatmap": "~4.5.0"
      },
      "devDependencies": {
        "@types/lodash.flatmap": "4.5.7",
        "@types/node": "18.16.14"
      }
    },
    "node_modules/@types/lodash": {
      "version": "4.14.182",
      "resolved": "https://registry.npmjs.org/@types/lodash/-/lodash-4.14.182.tgz",
      "integrity": "sha512-/THyiqyQAP9AfARo4pF+aCGcyiQ94tX/Is2I7HofNRqoYLgN1PBoOWu2/zTA5zMxzP5EFutMtWtGAFRKUe961Q==",
      "dev": true
    },
    "node_modules/@types/lodash.flatmap": {
      "version": "4.5.7",
      "resolved": "https://registry.npmjs.org/@types/lodash.flatmap/-/lodash.flatmap-4.5.7.tgz",
      "integrity": "sha512-ZTfFXFpta2MU1SkoidRz4QMPpFJdFuZkDNffofj/b3XGT59vD0cpddO0agiwjp9l8KIjLNHRcaAUpi2/izUmFw==",
      "dev": true,
      "dependencies": {
        "@types/lodash": "*"
      }
    },
    "node_modules/@types/node": {
      "version": "18.16.14",
      "resolved": "https://registry.npmjs.org/@types/node/-/node-18.16.14.tgz",
      "integrity": "sha512-+ImzUB3mw2c5ISJUq0punjDilUQ5GnUim0ZRvchHIWJmOC0G+p0kzhXBqj6cDjK0QdPFwzrHWgrJp3RPvCG5qg==",
      "dev": true
    },
    "node_modules/lodash.flatmap": {
      "version": "4.5.0",
      "resolved": "https://registry.npmjs.org/lodash.flatmap/-/lodash.flatmap-4.5.0.tgz",
      "integrity": "sha512-/OcpcAGWlrZyoHGeHh3cAoa6nGdX6QYtmzNP84Jqol6UEQQ2gIaU3H+0eICcjcKGl0/XF8LWOujNn9lffsnaOg=="
    }
  },
  "dependencies": {
    "@types/lodash": {
      "version": "4.14.182",
      "resolved": "https://registry.npmjs.org/@types/lodash/-/lodash-4.14.182.tgz",
      "integrity": "sha512-/THyiqyQAP9AfARo4pF+aCGcyiQ94tX/Is2I7HofNRqoYLgN1PBoOWu2/zTA5zMxzP5EFutMtWtGAFRKUe961Q==",
      "dev": true
    },
    "@types/lodash.flatmap": {
      "version": "4.5.7",
      "resolved": "https://registry.npmjs.org/@types/lodash.flatmap/-/lodash.flatmap-4.5.7.tgz",
      "integrity": "sha512-ZTfFXFpta2MU1SkoidRz4QMPpFJdFuZkDNffofj/b3XGT59vD0cpddO0agiwjp9l8KIjLNHRcaAUpi2/izUmFw==",
      "dev": true,
      "requires": {
        "@types/lodash": "*"
      }
    },
    "@types/node": {
      "version": "18.16.14",
      "resolved": "https://registry.npmjs.org/@types/node/-/node-18.16.14.tgz",
      "integrity": "sha512-+ImzUB3mw2c5ISJUq0punjDilUQ5GnUim0ZRvchHIWJmOC0G+p0kzhXBqj6cDjK0QdPFwzrHWgrJp3RPvCG5qg==",
      "dev": true
    },
    "lodash.flatmap": {
      "version": "4.5.0",
      "resolved": "https://registry.npmjs.org/lodash.flatmap/-/lodash.flatmap-4.5.0.tgz",
      "integrity": "sha512-/OcpcAGWlrZyoHGeHh3cAoa6nGdX6QYtmzNP84Jqol6UEQQ2gIaU3H+0eICcjcKGl0/XF8LWOujNn9lffsnaOg=="
    }
  }
}
