{
	"name": "stryker-mocha-framework",
	"version": "0.10.0",
	"lockfileVersion": 1,
	"requires": true,
	"dependencies": {
		"stryker-api": {
			"version": "0.17.0",
			"resolved": "https://registry.npmjs.org/stryker-api/-/stryker-api-0.17.0.tgz",
			"integrity": "sha512-CJKAx+D8ztmXtnORk0bKfrccIbeAOXcKZ2pQpevvj7SFZJKlF8PRQy8lkgP5kvTK/sKidQp84kHjiqyRvf634A==",
			"dev": true,
			"requires": {
				"tslib": "^1.6.0"
			}
		},
		"tslib": {
			"version": "1.9.0",
			"resolved": "https://registry.npmjs.org/tslib/-/tslib-1.9.0.tgz",
			"integrity": "sha512-f/qGG2tUkrISBlQZEjEqoZ3B2+npJjIf04H1wuAv9iA8i04Icp+61KRXxFdha22670NJopsZCIjhC3SnjPRKrQ==",
			"dev": true
		}
	}
}
