{
	"name": "stryker-jasmine-runner",
	"version": "0.0.2",
	"lockfileVersion": 1,
	"requires": true,
	"dependencies": {
		"stryker-api": {
			"version": "0.17.2",
			"resolved": "https://registry.npmjs.org/stryker-api/-/stryker-api-0.17.2.tgz",
			"integrity": "sha512-SoygOl+vdvIZidA/Crtka4Fmlt4O4Udz9yY9BPooxVc0SiBM+RhlcuasA6loFXbnds4JaEcdT85nrffiOpb9og==",
			"dev": true,
			"requires": {
				"tslib": "^1.6.0"
			}
		},
		"stryker-jasmine": {
			"version": "0.8.6",
			"resolved": "https://registry.npmjs.org/stryker-jasmine/-/stryker-jasmine-0.8.6.tgz",
			"integrity": "sha512-FoaUJlOplEZpVOo/eiXXNGKSd2MqMbXwwwgjaexsm5ve0bi9hPgOsoQf3IMgKN9jx4p8ker++XpeKsEHVii72w==",
			"dev": true
		},
		"tslib": {
			"version": "1.9.2",
			"resolved": "https://registry.npmjs.org/tslib/-/tslib-1.9.2.tgz",
			"integrity": "sha512-AVP5Xol3WivEr7hnssHDsaM+lVrVXWUvd1cfXTRkTj80b//6g2wIFEH6hZG0muGZRnHGrfttpdzRk3YlBkWjKw==",
			"dev": true
		}
	}
}
