{
	"name": "stryker-jasmine-runner",
	"version": "0.0.3",
	"lockfileVersion": 1,
	"requires": true,
	"dependencies": {
		"stryker-api": {
			"version": "0.17.3",
			"resolved": "https://registry.npmjs.org/stryker-api/-/stryker-api-0.17.3.tgz",
			"integrity": "sha512-/6NAlZ/olwStF4B26aIFOtafyEa8ImjQdua8O7GL9tFl6AjdijJLsD72emJp/fLKhc1sQD3tX6SYclhrhilbuA==",
			"dev": true,
			"requires": {
				"tslib": "^1.6.0"
			}
		},
		"stryker-jasmine": {
			"version": "0.8.7",
			"resolved": "https://registry.npmjs.org/stryker-jasmine/-/stryker-jasmine-0.8.7.tgz",
			"integrity": "sha512-1bo/jbqnVxlWFJNptj1QgzER6MXRJTlUQGLENRuj6kv7We8BrCqZ7crYqXB7VhKn3OM60TWgJQvMQdJ83niSTA==",
			"dev": true
		},
		"tslib": {
			"version": "1.9.3",
			"resolved": "https://registry.npmjs.org/tslib/-/tslib-1.9.3.tgz",
			"integrity": "sha512-4krF8scpejhaOgqzBEcGM7yDIEfi0/8+8zDRZhNZZ2kjmHJ4hv3zCbQWxoJGz1iw5U0Jl0nma13xzHXcncMavQ==",
			"dev": true
		}
	}
}
