{
	"name": "@stryker-mutator/api",
	"version": "5.5.0",
	"lockfileVersion": 1,
	"requires": true,
	"dependencies": {
		"@types/node": {
			"version": "16.11.10",
			"resolved": "https://registry.npmjs.org/@types/node/-/node-16.11.10.tgz",
			"integrity": "sha512-3aRnHa1KlOEEhJ6+CvyHKK5vE9BcLGjtUpwvqYLRvYNQKMfabu3BwfJaA/SLW8dxe28LsNDjtHwePTuzn3gmOA==",
			"dev": true
		},
		"mutation-testing-metrics": {
			"version": "1.7.6",
			"resolved": "https://registry.npmjs.org/mutation-testing-metrics/-/mutation-testing-metrics-1.7.6.tgz",
			"integrity": "sha512-jaKkt18XcPfN+YU/yhduxjjiEDykMfOfiw2ZMNMR4jL80rp85lrlGRdb77wx/8XDR9Lhbyt0fBn1AjNWYU2c1A==",
			"requires": {
				"mutation-testing-report-schema": "1.7.6"
			}
		},
		"mutation-testing-report-schema": {
			"version": "1.7.6",
			"resolved": "https://registry.npmjs.org/mutation-testing-report-schema/-/mutation-testing-report-schema-1.7.6.tgz",
			"integrity": "sha512-tqV1IBkMatB4qljqFnlMV5y8fM48wTGdnZg0wKt3GEfEt77bUHGo3xng4JD8/0TPOg+sYhOt79VyizfZeZD48Q=="
		},
		"tslib": {
			"version": "2.3.1",
			"resolved": "https://registry.npmjs.org/tslib/-/tslib-2.3.1.tgz",
			"integrity": "sha512-77EbyPPpMz+FRFRuAFlWMtmgUWGe9UOG2Z25NqCwiIjRhOf5iKGuzSe5P2w1laq+FkRy4p+PCuVkJSGkzTEKVw=="
		},
		"typed-inject": {
			"version": "3.0.1",
			"resolved": "https://registry.npmjs.org/typed-inject/-/typed-inject-3.0.1.tgz",
			"integrity": "sha512-5yr8inrNos7uo/irp5PZ7WNwmYGfoa0w1NiDdCWW6hhIxYH2NCqYwX9BUOXpZgxk964rb1ElEfvBtftuvIPpvw==",
			"dev": true
		}
	}
}
