{
  "name": "@stryker-mutator/api",
  "version": "6.4.1",
  "lockfileVersion": 2,
  "requires": true,
  "packages": {
    "": {
      "name": "@stryker-mutator/api",
      "version": "6.4.1",
      "license": "Apache-2.0",
      "dependencies": {
        "mutation-testing-metrics": "1.7.14",
        "mutation-testing-report-schema": "1.7.14",
        "tslib": "~2.5.0"
      },
      "devDependencies": {
        "@types/node": "18.15.5",
        "typed-inject": "3.0.1"
      },
      "engines": {
        "node": ">=14.18.0"
      }
    },
    "node_modules/@types/node": {
      "version": "18.15.5",
      "resolved": "https://registry.npmjs.org/@types/node/-/node-18.15.5.tgz",
      "integrity": "sha512-Ark2WDjjZO7GmvsyFFf81MXuGTA/d6oP38anyxWOL6EREyBKAxKoFHwBhaZxCfLRLpO8JgVXwqOwSwa7jRcjew==",
      "dev": true
    },
    "node_modules/mutation-testing-metrics": {
      "version": "1.7.14",
      "resolved": "https://registry.npmjs.org/mutation-testing-metrics/-/mutation-testing-metrics-1.7.14.tgz",
      "integrity": "sha512-Y5I6p2gZy7sXYfWn9yR863vd3NA9IhjKccUdbybmHASRy5b7zit6B03DczuYU+cQDqZ7WX38gzQ9IFs/JdbHqQ==",
      "dependencies": {
        "mutation-testing-report-schema": "1.7.14"
      }
    },
    "node_modules/mutation-testing-report-schema": {
      "version": "1.7.14",
      "resolved": "https://registry.npmjs.org/mutation-testing-report-schema/-/mutation-testing-report-schema-1.7.14.tgz",
      "integrity": "sha512-vN2Gw5dXWp1I7fj9PSzyBPy7KqNG4wN5qMdHwTV339fbW2pH19qlSU5Qg6VJlAZtlfgUiDJ1NYYgIEjpoqrRZA=="
    },
    "node_modules/tslib": {
      "version": "2.5.0",
      "resolved": "https://registry.npmjs.org/tslib/-/tslib-2.5.0.tgz",
      "integrity": "sha512-336iVw3rtn2BUK7ORdIAHTyxHGRIHVReokCR3XjbckJMK7ms8FysBfhLR8IXnAgy7T0PTPNBWKiH514FOW/WSg=="
    },
    "node_modules/typed-inject": {
      "version": "3.0.1",
      "resolved": "https://registry.npmjs.org/typed-inject/-/typed-inject-3.0.1.tgz",
      "integrity": "sha512-5yr8inrNos7uo/irp5PZ7WNwmYGfoa0w1NiDdCWW6hhIxYH2NCqYwX9BUOXpZgxk964rb1ElEfvBtftuvIPpvw==",
      "dev": true,
      "engines": {
        "node": ">=10"
      }
    }
  },
  "dependencies": {
    "@types/node": {
      "version": "18.15.5",
      "resolved": "https://registry.npmjs.org/@types/node/-/node-18.15.5.tgz",
      "integrity": "sha512-Ark2WDjjZO7GmvsyFFf81MXuGTA/d6oP38anyxWOL6EREyBKAxKoFHwBhaZxCfLRLpO8JgVXwqOwSwa7jRcjew==",
      "dev": true
    },
    "mutation-testing-metrics": {
      "version": "1.7.14",
      "resolved": "https://registry.npmjs.org/mutation-testing-metrics/-/mutation-testing-metrics-1.7.14.tgz",
      "integrity": "sha512-Y5I6p2gZy7sXYfWn9yR863vd3NA9IhjKccUdbybmHASRy5b7zit6B03DczuYU+cQDqZ7WX38gzQ9IFs/JdbHqQ==",
      "requires": {
        "mutation-testing-report-schema": "1.7.14"
      }
    },
    "mutation-testing-report-schema": {
      "version": "1.7.14",
      "resolved": "https://registry.npmjs.org/mutation-testing-report-schema/-/mutation-testing-report-schema-1.7.14.tgz",
      "integrity": "sha512-vN2Gw5dXWp1I7fj9PSzyBPy7KqNG4wN5qMdHwTV339fbW2pH19qlSU5Qg6VJlAZtlfgUiDJ1NYYgIEjpoqrRZA=="
    },
    "tslib": {
      "version": "2.5.0",
      "resolved": "https://registry.npmjs.org/tslib/-/tslib-2.5.0.tgz",
      "integrity": "sha512-336iVw3rtn2BUK7ORdIAHTyxHGRIHVReokCR3XjbckJMK7ms8FysBfhLR8IXnAgy7T0PTPNBWKiH514FOW/WSg=="
    },
    "typed-inject": {
      "version": "3.0.1",
      "resolved": "https://registry.npmjs.org/typed-inject/-/typed-inject-3.0.1.tgz",
      "integrity": "sha512-5yr8inrNos7uo/irp5PZ7WNwmYGfoa0w1NiDdCWW6hhIxYH2NCqYwX9BUOXpZgxk964rb1ElEfvBtftuvIPpvw==",
      "dev": true
    }
  }
}
