{
  "name": "@stryker-mutator/api",
  "version": "6.3.1",
  "lockfileVersion": 2,
  "requires": true,
  "packages": {
    "": {
      "name": "@stryker-mutator/api",
      "version": "6.3.1",
      "license": "Apache-2.0",
      "dependencies": {
        "mutation-testing-metrics": "1.7.10",
        "mutation-testing-report-schema": "1.7.10",
        "tslib": "~2.5.0"
      },
      "devDependencies": {
        "@types/node": "18.13.0",
        "typed-inject": "3.0.1"
      },
      "engines": {
        "node": ">=14.18.0"
      }
    },
    "node_modules/@types/node": {
      "version": "18.13.0",
      "resolved": "https://registry.npmjs.org/@types/node/-/node-18.13.0.tgz",
      "integrity": "sha512-gC3TazRzGoOnoKAhUx+Q0t8S9Tzs74z7m0ipwGpSqQrleP14hKxP4/JUeEQcD3W1/aIpnWl8pHowI7WokuZpXg==",
      "dev": true
    },
    "node_modules/mutation-testing-metrics": {
      "version": "1.7.10",
      "resolved": "https://registry.npmjs.org/mutation-testing-metrics/-/mutation-testing-metrics-1.7.10.tgz",
      "integrity": "sha512-wQnfnvMoSkV/5AHurRaDouiXf2ENoo23cXNZw70ks+mftEGPwLMStlyQZytQrcY/9lQDdrNSdMSPt2Zri75OcA==",
      "dependencies": {
        "mutation-testing-report-schema": "1.7.10"
      }
    },
    "node_modules/mutation-testing-report-schema": {
      "version": "1.7.10",
      "resolved": "https://registry.npmjs.org/mutation-testing-report-schema/-/mutation-testing-report-schema-1.7.10.tgz",
      "integrity": "sha512-lPbEVTAlx0XCXA5GKpb6+0mtDk9MoepYVsXhEtRcwiHRjmqBn2frwXL1Xmkh6HxYnEDIQddzZAgk8SIbkV7p+g=="
    },
    "node_modules/tslib": {
      "version": "2.5.0",
      "resolved": "https://registry.npmjs.org/tslib/-/tslib-2.5.0.tgz",
      "integrity": "sha512-336iVw3rtn2BUK7ORdIAHTyxHGRIHVReokCR3XjbckJMK7ms8FysBfhLR8IXnAgy7T0PTPNBWKiH514FOW/WSg=="
    },
    "node_modules/typed-inject": {
      "version": "3.0.1",
      "resolved": "https://registry.npmjs.org/typed-inject/-/typed-inject-3.0.1.tgz",
      "integrity": "sha512-5yr8inrNos7uo/irp5PZ7WNwmYGfoa0w1NiDdCWW6hhIxYH2NCqYwX9BUOXpZgxk964rb1ElEfvBtftuvIPpvw==",
      "dev": true,
      "engines": {
        "node": ">=10"
      }
    }
  },
  "dependencies": {
    "@types/node": {
      "version": "18.13.0",
      "resolved": "https://registry.npmjs.org/@types/node/-/node-18.13.0.tgz",
      "integrity": "sha512-gC3TazRzGoOnoKAhUx+Q0t8S9Tzs74z7m0ipwGpSqQrleP14hKxP4/JUeEQcD3W1/aIpnWl8pHowI7WokuZpXg==",
      "dev": true
    },
    "mutation-testing-metrics": {
      "version": "1.7.10",
      "resolved": "https://registry.npmjs.org/mutation-testing-metrics/-/mutation-testing-metrics-1.7.10.tgz",
      "integrity": "sha512-wQnfnvMoSkV/5AHurRaDouiXf2ENoo23cXNZw70ks+mftEGPwLMStlyQZytQrcY/9lQDdrNSdMSPt2Zri75OcA==",
      "requires": {
        "mutation-testing-report-schema": "1.7.10"
      }
    },
    "mutation-testing-report-schema": {
      "version": "1.7.10",
      "resolved": "https://registry.npmjs.org/mutation-testing-report-schema/-/mutation-testing-report-schema-1.7.10.tgz",
      "integrity": "sha512-lPbEVTAlx0XCXA5GKpb6+0mtDk9MoepYVsXhEtRcwiHRjmqBn2frwXL1Xmkh6HxYnEDIQddzZAgk8SIbkV7p+g=="
    },
    "tslib": {
      "version": "2.5.0",
      "resolved": "https://registry.npmjs.org/tslib/-/tslib-2.5.0.tgz",
      "integrity": "sha512-336iVw3rtn2BUK7ORdIAHTyxHGRIHVReokCR3XjbckJMK7ms8FysBfhLR8IXnAgy7T0PTPNBWKiH514FOW/WSg=="
    },
    "typed-inject": {
      "version": "3.0.1",
      "resolved": "https://registry.npmjs.org/typed-inject/-/typed-inject-3.0.1.tgz",
      "integrity": "sha512-5yr8inrNos7uo/irp5PZ7WNwmYGfoa0w1NiDdCWW6hhIxYH2NCqYwX9BUOXpZgxk964rb1ElEfvBtftuvIPpvw==",
      "dev": true
    }
  }
}
