{
	"name": "@stryker-mutator/test-helpers",
	"version": "5.5.0",
	"lockfileVersion": 1,
	"requires": true,
	"dependencies": {
		"@types/node": {
			"version": "16.11.10",
			"resolved": "https://registry.npmjs.org/@types/node/-/node-16.11.10.tgz",
			"integrity": "sha512-3aRnHa1KlOEEhJ6+CvyHKK5vE9BcLGjtUpwvqYLRvYNQKMfabu3BwfJaA/SLW8dxe28LsNDjtHwePTuzn3gmOA==",
			"dev": true
		},
		"ajv": {
			"version": "8.6.3",
			"resolved": "https://registry.npmjs.org/ajv/-/ajv-8.6.3.tgz",
			"integrity": "sha512-SMJOdDP6LqTkD0Uq8qLi+gMwSt0imXLSV080qFVwJCpH9U6Mb+SUGHAXM0KNbcBPguytWyvFxcHgMLe2D2XSpw==",
			"requires": {
				"fast-deep-equal": "^3.1.1",
				"json-schema-traverse": "^1.0.0",
				"require-from-string": "^2.0.2",
				"uri-js": "^4.2.2"
			}
		},
		"fast-deep-equal": {
			"version": "3.1.3",
			"resolved": "https://registry.npmjs.org/fast-deep-equal/-/fast-deep-equal-3.1.3.tgz",
			"integrity": "sha512-f3qQ9oQy9j2AhBe/H9VC91wLmKBCCU/gDOnKNAYG5hswO7BLKj09Hc5HYNz9cGI++xlpDCIgDaitVs03ATR84Q=="
		},
		"json-schema-traverse": {
			"version": "1.0.0",
			"resolved": "https://registry.npmjs.org/json-schema-traverse/-/json-schema-traverse-1.0.0.tgz",
			"integrity": "sha512-NM8/P9n3XjXhIZn1lLhkFaACTOURQXjWhV4BA/RnOv8xvgqtqpAX9IO4mRQxSx1Rlo4tqzeqb0sOlruaOy3dug=="
		},
		"mutation-testing-metrics": {
			"version": "1.7.6",
			"resolved": "https://registry.npmjs.org/mutation-testing-metrics/-/mutation-testing-metrics-1.7.6.tgz",
			"integrity": "sha512-jaKkt18XcPfN+YU/yhduxjjiEDykMfOfiw2ZMNMR4jL80rp85lrlGRdb77wx/8XDR9Lhbyt0fBn1AjNWYU2c1A==",
			"requires": {
				"mutation-testing-report-schema": "1.7.6"
			}
		},
		"mutation-testing-report-schema": {
			"version": "1.7.6",
			"resolved": "https://registry.npmjs.org/mutation-testing-report-schema/-/mutation-testing-report-schema-1.7.6.tgz",
			"integrity": "sha512-tqV1IBkMatB4qljqFnlMV5y8fM48wTGdnZg0wKt3GEfEt77bUHGo3xng4JD8/0TPOg+sYhOt79VyizfZeZD48Q=="
		},
		"punycode": {
			"version": "2.1.1",
			"resolved": "https://registry.npmjs.org/punycode/-/punycode-2.1.1.tgz",
			"integrity": "sha512-XRsRjdf+j5ml+y/6GKHPZbrF/8p2Yga0JPtdqTIY2Xe5ohJPD9saDJJLPvp9+NSBprVvevdXZybnj2cv8OEd0A=="
		},
		"require-from-string": {
			"version": "2.0.2",
			"resolved": "https://registry.npmjs.org/require-from-string/-/require-from-string-2.0.2.tgz",
			"integrity": "sha512-Xf0nWe6RseziFMu+Ap9biiUbmplq6S9/p+7w7YXP/JBHhrUDDUhwa+vANyubuqfZWTveU//DYVGsDG7RKL/vEw=="
		},
		"rxjs": {
			"version": "7.4.0",
			"resolved": "https://registry.npmjs.org/rxjs/-/rxjs-7.4.0.tgz",
			"integrity": "sha512-7SQDi7xeTMCJpqViXh8gL/lebcwlp3d831F05+9B44A4B0WfsEwUQHR64gsH1kvJ+Ep/J9K2+n1hVl1CsGN23w==",
			"requires": {
				"tslib": "~2.1.0"
			}
		},
		"tslib": {
			"version": "2.1.0",
			"resolved": "https://registry.npmjs.org/tslib/-/tslib-2.1.0.tgz",
			"integrity": "sha512-hcVC3wYEziELGGmEEXue7D75zbwIIVUMWAVbHItGPx0ziyXxrOMQx4rQEVEV45Ut/1IotuEvwqPopzIOkDMf0A=="
		},
		"typed-inject": {
			"version": "3.0.1",
			"resolved": "https://registry.npmjs.org/typed-inject/-/typed-inject-3.0.1.tgz",
			"integrity": "sha512-5yr8inrNos7uo/irp5PZ7WNwmYGfoa0w1NiDdCWW6hhIxYH2NCqYwX9BUOXpZgxk964rb1ElEfvBtftuvIPpvw==",
			"dev": true
		},
		"uri-js": {
			"version": "4.4.1",
			"resolved": "https://registry.npmjs.org/uri-js/-/uri-js-4.4.1.tgz",
			"integrity": "sha512-7rKUyy33Q1yc98pQ1DAmLtwX109F7TIfWlW1Ydo8Wl1ii1SeHieeh0HHfPeL2fMXK6z0s8ecKs9frCuLJvndBg==",
			"requires": {
				"punycode": "^2.1.0"
			}
		}
	}
}
