{
  "name": "performance-test",
  "version": "0.0.0",
  "lockfileVersion": 2,
  "requires": true,
  "packages": {
    "": {
      "name": "performance-test",
      "version": "0.0.0",
      "hasInstallScript": true,
      "devDependencies": {
        "rxjs": "~7.5.4",
        "typescript": "^4.5.5"
      }
    },
    "node_modules/rxjs": {
      "version": "7.5.4",
      "resolved": "https://registry.npmjs.org/rxjs/-/rxjs-7.5.4.tgz",
      "integrity": "sha512-h5M3Hk78r6wAheJF0a5YahB1yRQKCsZ4MsGdZ5O9ETbVtjPcScGfrMmoOq7EBsCRzd4BDkvDJ7ogP8Sz5tTFiQ==",
      "dev": true,
      "dependencies": {
        "tslib": "^2.1.0"
      }
    },
    "node_modules/tslib": {
      "version": "2.1.0",
      "resolved": "https://registry.npmjs.org/tslib/-/tslib-2.1.0.tgz",
      "integrity": "sha512-hcVC3wYEziELGGmEEXue7D75zbwIIVUMWAVbHItGPx0ziyXxrOMQx4rQEVEV45Ut/1IotuEvwqPopzIOkDMf0A==",
      "dev": true
    },
    "node_modules/typescript": {
      "version": "4.5.5",
      "resolved": "https://registry.npmjs.org/typescript/-/typescript-4.5.5.tgz",
      "integrity": "sha512-TCTIul70LyWe6IJWT8QSYeA54WQe8EjQFU4wY52Fasj5UKx88LNYKCgBEHcOMOrFF1rKGbD8v/xcNWVUq9SymA==",
      "dev": true,
      "bin": {
        "tsc": "bin/tsc",
        "tsserver": "bin/tsserver"
      },
      "engines": {
        "node": ">=4.2.0"
      }
    }
  },
  "dependencies": {
    "rxjs": {
      "version": "7.5.4",
      "resolved": "https://registry.npmjs.org/rxjs/-/rxjs-7.5.4.tgz",
      "integrity": "sha512-h5M3Hk78r6wAheJF0a5YahB1yRQKCsZ4MsGdZ5O9ETbVtjPcScGfrMmoOq7EBsCRzd4BDkvDJ7ogP8Sz5tTFiQ==",
      "dev": true,
      "requires": {
        "tslib": "^2.1.0"
      }
    },
    "tslib": {
      "version": "2.1.0",
      "resolved": "https://registry.npmjs.org/tslib/-/tslib-2.1.0.tgz",
      "integrity": "sha512-hcVC3wYEziELGGmEEXue7D75zbwIIVUMWAVbHItGPx0ziyXxrOMQx4rQEVEV45Ut/1IotuEvwqPopzIOkDMf0A==",
      "dev": true
    },
    "typescript": {
      "version": "4.5.5",
      "resolved": "https://registry.npmjs.org/typescript/-/typescript-4.5.5.tgz",
      "integrity": "sha512-TCTIul70LyWe6IJWT8QSYeA54WQe8EjQFU4wY52Fasj5UKx88LNYKCgBEHcOMOrFF1rKGbD8v/xcNWVUq9SymA==",
      "dev": true
    }
  }
}
