{
  "name": "grunt-stryker",
  "version": "6.4.1",
  "lockfileVersion": 2,
  "requires": true,
  "packages": {
    "": {
      "name": "grunt-stryker",
      "version": "6.4.1",
      "license": "Apache-2.0",
      "devDependencies": {
        "@types/node": "18.14.4"
      },
      "engines": {
        "node": ">= 8"
      },
      "peerDependencies": {
        "@stryker-mutator/core": "^6.4.0",
        "grunt": ">=0.4.5"
      }
    },
    "node_modules/@types/node": {
      "version": "18.14.4",
      "resolved": "https://registry.npmjs.org/@types/node/-/node-18.14.4.tgz",
      "integrity": "sha512-VhCw7I7qO2X49+jaKcAUwi3rR+hbxT5VcYF493+Z5kMLI0DL568b7JI4IDJaxWFH0D/xwmGJNoXisyX+w7GH/g==",
      "dev": true
    }
  },
  "dependencies": {
    "@types/node": {
      "version": "18.14.4",
      "resolved": "https://registry.npmjs.org/@types/node/-/node-18.14.4.tgz",
      "integrity": "sha512-VhCw7I7qO2X49+jaKcAUwi3rR+hbxT5VcYF493+Z5kMLI0DL568b7JI4IDJaxWFH0D/xwmGJNoXisyX+w7GH/g==",
      "dev": true
    }
  }
}
