{
  "name": "grunt-stryker",
  "version": "6.4.2",
  "lockfileVersion": 2,
  "requires": true,
  "packages": {
    "": {
      "name": "grunt-stryker",
      "version": "6.4.2",
      "license": "Apache-2.0",
      "devDependencies": {
        "@types/node": "18.16.12"
      },
      "engines": {
        "node": ">=16.0.0"
      },
      "peerDependencies": {
        "@stryker-mutator/core": "^6.4.0",
        "grunt": ">=0.4.5"
      }
    },
    "node_modules/@types/node": {
      "version": "18.16.12",
      "resolved": "https://registry.npmjs.org/@types/node/-/node-18.16.12.tgz",
      "integrity": "sha512-tIRrjbY9C277MOfP8M3zjMIhtMlUJ6YVqkGgLjz+74jVsdf4/UjC6Hku4+1N0BS0qyC0JAS6tJLUk9H6JUKviQ==",
      "dev": true
    }
  },
  "dependencies": {
    "@types/node": {
      "version": "18.16.12",
      "resolved": "https://registry.npmjs.org/@types/node/-/node-18.16.12.tgz",
      "integrity": "sha512-tIRrjbY9C277MOfP8M3zjMIhtMlUJ6YVqkGgLjz+74jVsdf4/UjC6Hku4+1N0BS0qyC0JAS6tJLUk9H6JUKviQ==",
      "dev": true
    }
  }
}
