{
  "name": "grunt-stryker",
  "version": "6.4.1",
  "lockfileVersion": 2,
  "requires": true,
  "packages": {
    "": {
      "name": "grunt-stryker",
      "version": "6.4.1",
      "license": "Apache-2.0",
      "devDependencies": {
        "@types/node": "18.14.5"
      },
      "engines": {
        "node": ">= 8"
      },
      "peerDependencies": {
        "@stryker-mutator/core": "^6.4.0",
        "grunt": ">=0.4.5"
      }
    },
    "node_modules/@types/node": {
      "version": "18.14.5",
      "resolved": "https://registry.npmjs.org/@types/node/-/node-18.14.5.tgz",
      "integrity": "sha512-CRT4tMK/DHYhw1fcCEBwME9CSaZNclxfzVMe7GsO6ULSwsttbj70wSiX6rZdIjGblu93sTJxLdhNIT85KKI7Qw==",
      "dev": true
    }
  },
  "dependencies": {
    "@types/node": {
      "version": "18.14.5",
      "resolved": "https://registry.npmjs.org/@types/node/-/node-18.14.5.tgz",
      "integrity": "sha512-CRT4tMK/DHYhw1fcCEBwME9CSaZNclxfzVMe7GsO6ULSwsttbj70wSiX6rZdIjGblu93sTJxLdhNIT85KKI7Qw==",
      "dev": true
    }
  }
}
