{
  "name": "infinite-loop-hit-counter",
  "version": "1.0.0",
  "lockfileVersion": 1,
  "requires": true,
  "dependencies": {
    "@stryker-mutator/api": {
      "version": "5.2.2",
      "resolved": "https://registry.npmjs.org/@stryker-mutator/api/-/api-5.2.2.tgz",
      "integrity": "sha512-Qtmgx355PAuEJpk+bHmuMExqE6juME7td96nqoBvFt3DHyqdg4wXXsBggKPPX58TNa9Wvlw/h5GElmfSrthxjw==",
      "dev": true,
      "requires": {
        "mutation-testing-metrics": "1.7.4",
        "mutation-testing-report-schema": "1.7.4",
        "tslib": "~2.3.0"
      }
    },
    "@stryker-mutator/karma-runner": {
      "version": "5.2.2",
      "resolved": "https://registry.npmjs.org/@stryker-mutator/karma-runner/-/karma-runner-5.2.2.tgz",
      "integrity": "sha512-bQ7HwHKUHm7N+jl/+XNNFmT626OHh/x56o4YWELa1SeRT3yMYpOGIP4TYz0iMFf53SYmFQ9/51braS56D3MCTQ==",
      "dev": true,
      "requires": {
        "@stryker-mutator/api": "5.2.2",
        "@stryker-mutator/util": "5.2.2",
        "decamelize": "~5.0.0",
        "semver": "~6.3.0",
        "tslib": "~2.3.0"
      }
    },
    "@stryker-mutator/util": {
      "version": "5.2.2",
      "resolved": "https://registry.npmjs.org/@stryker-mutator/util/-/util-5.2.2.tgz",
      "integrity": "sha512-6CQIGdP4u88HqpWpiqVn2XdhFU/bQ1Ith+ifxnvmfuL5O/s3Kuib8kHOyQYo743XIR7pBTdFhtw848K5254hxA==",
      "dev": true,
      "requires": {
        "lodash.flatmap": "~4.5.0"
      }
    },
    "decamelize": {
      "version": "5.0.0",
      "resolved": "https://registry.npmjs.org/decamelize/-/decamelize-5.0.0.tgz",
      "integrity": "sha512-U75DcT5hrio3KNtvdULAWnLiAPbFUC4191ldxMmj4FA/mRuBnmDwU0boNfPyFRhnan+Jm+haLeSn3P0afcBn4w==",
      "dev": true
    },
    "lodash.flatmap": {
      "version": "4.5.0",
      "resolved": "https://registry.npmjs.org/lodash.flatmap/-/lodash.flatmap-4.5.0.tgz",
      "integrity": "sha1-74y/QI9uSCaGYzRTBcaswLd4cC4=",
      "dev": true
    },
    "mutation-testing-metrics": {
      "version": "1.7.4",
      "resolved": "https://registry.npmjs.org/mutation-testing-metrics/-/mutation-testing-metrics-1.7.4.tgz",
      "integrity": "sha512-OLXiu419XwYWdUOh8UtteJ3mh6qWhftimWzBrbi+PhaPnEnGx9GTdWSRsE8Ub5Y3PP94GQgyhSalKJaj50YXaw==",
      "dev": true,
      "requires": {
        "mutation-testing-report-schema": "1.7.4"
      }
    },
    "mutation-testing-report-schema": {
      "version": "1.7.4",
      "resolved": "https://registry.npmjs.org/mutation-testing-report-schema/-/mutation-testing-report-schema-1.7.4.tgz",
      "integrity": "sha512-69CxAaIBprkxvHkZ/1zDJesFOxiXAKUpOeK6xUHAmfqMW3zYfb+nPae40GwTQt9WFFCHj56O6d6GJzR7Qm2ZwQ==",
      "dev": true
    },
    "semver": {
      "version": "6.3.0",
      "resolved": "https://registry.npmjs.org/semver/-/semver-6.3.0.tgz",
      "integrity": "sha512-b39TBaTSfV6yBrapU89p5fKekE2m/NwnDocOVruQFS1/veMgdzuPcnOM34M6CwxW8jH/lxEa5rBoDeUwu5HHTw==",
      "dev": true
    },
    "tslib": {
      "version": "2.3.0",
      "resolved": "https://registry.npmjs.org/tslib/-/tslib-2.3.0.tgz",
      "integrity": "sha512-N82ooyxVNm6h1riLCoyS9e3fuJ3AMG2zIZs2Gd1ATcSFjSA23Q0fzjjZeh0jbJvWVDZ0cJT8yaNNaaXHzueNjg==",
      "dev": true
    }
  }
}
