{
	"name": "stryker-api",
	"version": "0.17.2",
	"lockfileVersion": 1,
	"requires": true,
	"dependencies": {
		"surrial": {
			"version": "0.1.3",
			"resolved": "https://registry.npmjs.org/surrial/-/surrial-0.1.3.tgz",
			"integrity": "sha512-Iqfqc9luWn/4r9gHxe3XifYQaVne09TP2hMFQwXSRw4WpfMjNZkZQQjFSzatvrw+MgynEuOZlsB24m0zHNVEBA=="
		},
		"tslib": {
			"version": "1.9.3",
			"resolved": "https://registry.npmjs.org/tslib/-/tslib-1.9.3.tgz",
			"integrity": "sha512-4krF8scpejhaOgqzBEcGM7yDIEfi0/8+8zDRZhNZZ2kjmHJ4hv3zCbQWxoJGz1iw5U0Jl0nma13xzHXcncMavQ=="
		}
	}
}
