{
	"name": "stryker-api",
	"version": "0.17.1",
	"lockfileVersion": 1,
	"requires": true,
	"dependencies": {
		"surrial": {
			"version": "0.1.3",
			"resolved": "https://registry.npmjs.org/surrial/-/surrial-0.1.3.tgz",
			"integrity": "sha512-Iqfqc9luWn/4r9gHxe3XifYQaVne09TP2hMFQwXSRw4WpfMjNZkZQQjFSzatvrw+MgynEuOZlsB24m0zHNVEBA=="
		},
		"tslib": {
			"version": "1.9.2",
			"resolved": "https://registry.npmjs.org/tslib/-/tslib-1.9.2.tgz",
			"integrity": "sha512-AVP5Xol3WivEr7hnssHDsaM+lVrVXWUvd1cfXTRkTj80b//6g2wIFEH6hZG0muGZRnHGrfttpdzRk3YlBkWjKw=="
		}
	}
}
