{
  "name": "@stryker-mutator/mocha-runner",
  "version": "6.4.2",
  "lockfileVersion": 2,
  "requires": true,
  "packages": {
    "": {
      "name": "@stryker-mutator/mocha-runner",
      "version": "6.4.2",
      "license": "Apache-2.0",
      "dependencies": {
        "tslib": "~2.5.0"
      },
      "devDependencies": {
        "@types/node": "18.16.14"
      },
      "engines": {
        "node": ">=16.0.0"
      },
      "peerDependencies": {
        "@stryker-mutator/core": "^6.4.0",
        "mocha": ">= 7.2 < 11"
      }
    },
    "node_modules/@types/node": {
      "version": "18.16.14",
      "resolved": "https://registry.npmjs.org/@types/node/-/node-18.16.14.tgz",
      "integrity": "sha512-+ImzUB3mw2c5ISJUq0punjDilUQ5GnUim0ZRvchHIWJmOC0G+p0kzhXBqj6cDjK0QdPFwzrHWgrJp3RPvCG5qg==",
      "dev": true
    },
    "node_modules/tslib": {
      "version": "2.5.0",
      "resolved": "https://registry.npmjs.org/tslib/-/tslib-2.5.0.tgz",
      "integrity": "sha512-336iVw3rtn2BUK7ORdIAHTyxHGRIHVReokCR3XjbckJMK7ms8FysBfhLR8IXnAgy7T0PTPNBWKiH514FOW/WSg=="
    }
  },
  "dependencies": {
    "@types/node": {
      "version": "18.16.14",
      "resolved": "https://registry.npmjs.org/@types/node/-/node-18.16.14.tgz",
      "integrity": "sha512-+ImzUB3mw2c5ISJUq0punjDilUQ5GnUim0ZRvchHIWJmOC0G+p0kzhXBqj6cDjK0QdPFwzrHWgrJp3RPvCG5qg==",
      "dev": true
    },
    "tslib": {
      "version": "2.5.0",
      "resolved": "https://registry.npmjs.org/tslib/-/tslib-2.5.0.tgz",
      "integrity": "sha512-336iVw3rtn2BUK7ORdIAHTyxHGRIHVReokCR3XjbckJMK7ms8FysBfhLR8IXnAgy7T0PTPNBWKiH514FOW/WSg=="
    }
  }
}
