{
  "name": "jasmine-ts-node",
  "requires": true,
  "lockfileVersion": 1,
  "dependencies": {
    "@types/jasmine": {
      "version": "3.5.11",
      "resolved": "https://registry.npmjs.org/@types/jasmine/-/jasmine-3.5.11.tgz",
      "integrity": "sha512-fg1rOd/DehQTIJTifGqGVY6q92lDgnLfs7C6t1ccSwQrMyoTGSoH6wWzhJDZb6ezhsdwAX4EIBLe8w5fXWmEng==",
      "dev": true
    }
  }
}
