{
	"name": "jasmine-ts-node",
	"requires": true,
	"lockfileVersion": 1,
	"dependencies": {
		"@types/jasmine": {
			"version": "3.5.14",
			"resolved": "https://registry.npmjs.org/@types/jasmine/-/jasmine-3.5.14.tgz",
			"integrity": "sha512-Fkgk536sHPqcOtd+Ow+WiUNuk0TSo/BntKkF8wSvcd6M2FvPjeXcUE6Oz/bwDZiUZEaXLslAgw00Q94Pnx6T4w==",
			"dev": true
		}
	}
}
