{
	"name": "mocha-javascript-eslint",
	"version": "0.0.0",
	"lockfileVersion": 2,
	"requires": true,
	"packages": {
		"": {
			"name": "mocha-javascript-eslint",
			"version": "0.0.0",
			"license": "ISC",
			"dependencies": {
				"@stryker-mutator/eslint-checker": "file:../../../packages/eslint-checker"
			}
		},
		"../../../packages/eslint-checker": {
			"name": "@stryker-mutator/eslint-checker",
			"version": "6.0.0-beta.0",
			"license": "ISC",
			"dependencies": {
				"@stryker-mutator/api": "^6.0.0-beta.0",
				"@stryker-mutator/util": "6.0.0-beta.0",
				"cosmiconfig": "^7.0.1",
				"fast-glob": "^3.2.11",
				"typescript": "^4.6.3"
			},
			"devDependencies": {
				"@stryker-mutator/test-helpers": "6.0.0-beta.0",
				"@types/eslint": "^8.4.1",
				"@types/mocha": "^9.1.0"
			},
			"peerDependencies": {
				"@stryker-mutator/core": "~6.0.0-beta.0",
				"eslint": "^8.12.0"
			}
		},
		"node_modules/@stryker-mutator/eslint-checker": {
			"resolved": "../../../packages/eslint-checker",
			"link": true
		}
	},
	"dependencies": {
		"@stryker-mutator/eslint-checker": {
			"version": "file:../../../packages/eslint-checker",
			"requires": {
				"@stryker-mutator/api": "^6.0.0-beta.0",
				"@stryker-mutator/test-helpers": "6.0.0-beta.0",
				"@stryker-mutator/util": "6.0.0-beta.0",
				"@types/eslint": "^8.4.1",
				"@types/mocha": "^9.1.0",
				"cosmiconfig": "^7.0.1",
				"fast-glob": "^3.2.11",
				"typescript": "^4.6.3"
			}
		}
	}
}
