{
	"name": "stryker-mocha-runner",
	"version": "0.12.2",
	"lockfileVersion": 1,
	"requires": true,
	"dependencies": {
		"@types/multimatch": {
			"version": "2.1.2",
			"resolved": "https://registry.npmjs.org/@types/multimatch/-/multimatch-2.1.2.tgz",
			"integrity": "sha512-2WC+kyYTb1HATEVdVuBerAx+iHnGl8xlnOEjhi791BI94pxtWMk322gVLrvBArogrB229MfIDX2n1G1KglbGMg==",
			"dev": true
		},
		"array-differ": {
			"version": "1.0.0",
			"resolved": "https://registry.npmjs.org/array-differ/-/array-differ-1.0.0.tgz",
			"integrity": "sha1-7/UuN1gknTO+QCuLuOVkuytdQDE="
		},
		"array-union": {
			"version": "1.0.2",
			"resolved": "https://registry.npmjs.org/array-union/-/array-union-1.0.2.tgz",
			"integrity": "sha1-mjRBDk9OPaI96jdb5b5w8kd47Dk=",
			"requires": {
				"array-uniq": "^1.0.1"
			}
		},
		"array-uniq": {
			"version": "1.0.3",
			"resolved": "https://registry.npmjs.org/array-uniq/-/array-uniq-1.0.3.tgz",
			"integrity": "sha1-r2rId6Jcx/dOBYiUdThY39sk/bY="
		},
		"arrify": {
			"version": "1.0.1",
			"resolved": "https://registry.npmjs.org/arrify/-/arrify-1.0.1.tgz",
			"integrity": "sha1-iYUI2iIm84DfkEcoRWhJwVAaSw0="
		},
		"balanced-match": {
			"version": "1.0.0",
			"resolved": "https://registry.npmjs.org/balanced-match/-/balanced-match-1.0.0.tgz",
			"integrity": "sha1-ibTRmasr7kneFk6gK4nORi1xt2c="
		},
		"brace-expansion": {
			"version": "1.1.11",
			"resolved": "https://registry.npmjs.org/brace-expansion/-/brace-expansion-1.1.11.tgz",
			"integrity": "sha512-iCuPHDFgrHX7H2vEI/5xpz07zSHB00TpugqhmYtVmMO6518mCuRMoOYFldEBl0g187ufozdaHgWKcYFb61qGiA==",
			"requires": {
				"balanced-match": "^1.0.0",
				"concat-map": "0.0.1"
			}
		},
		"concat-map": {
			"version": "0.0.1",
			"resolved": "https://registry.npmjs.org/concat-map/-/concat-map-0.0.1.tgz",
			"integrity": "sha1-2Klr13/Wjfd5OnMDajug1UBdR3s="
		},
		"core-util-is": {
			"version": "1.0.2",
			"resolved": "https://registry.npmjs.org/core-util-is/-/core-util-is-1.0.2.tgz",
			"integrity": "sha1-tf1UIgqivFq1eqtxQMlAdUUDwac="
		},
		"date-format": {
			"version": "0.0.0",
			"resolved": "https://registry.npmjs.org/date-format/-/date-format-0.0.0.tgz",
			"integrity": "sha1-CSBoY6sHDrRZrOpVQsvYVrEZZrM="
		},
		"debug": {
			"version": "2.6.9",
			"resolved": "https://registry.npmjs.org/debug/-/debug-2.6.9.tgz",
			"integrity": "sha512-bC7ElrdJaJnPbAP+1EotYvqZsb3ecl5wi6Bfi6BJTUcNowp6cvspg0jXznRTKDjm/E7AdgFBVeAPVMNcKGsHMA==",
			"requires": {
				"ms": "2.0.0"
			}
		},
		"inherits": {
			"version": "2.0.3",
			"resolved": "https://registry.npmjs.org/inherits/-/inherits-2.0.3.tgz",
			"integrity": "sha1-Yzwsg+PaQqUC9SRmAiSA9CCCYd4="
		},
		"isarray": {
			"version": "0.0.1",
			"resolved": "https://registry.npmjs.org/isarray/-/isarray-0.0.1.tgz",
			"integrity": "sha1-ihis/Kmo9Bd+Cav8YDiTmwXR7t8="
		},
		"log4js": {
			"version": "1.1.1",
			"resolved": "https://registry.npmjs.org/log4js/-/log4js-1.1.1.tgz",
			"integrity": "sha1-wh0px2BAieTyVYM+f5SzRh3h/0M=",
			"requires": {
				"debug": "^2.2.0",
				"semver": "^5.3.0",
				"streamroller": "^0.4.0"
			}
		},
		"minimatch": {
			"version": "3.0.4",
			"resolved": "https://registry.npmjs.org/minimatch/-/minimatch-3.0.4.tgz",
			"integrity": "sha512-yJHVQEhyqPLUTgt9B83PXu6W3rx4MvvHvSUvToogpwoGDOUQ+yDrR0HRot+yOCdCO7u4hX3pWft6kWBBcqh0UA==",
			"requires": {
				"brace-expansion": "^1.1.7"
			}
		},
		"minimist": {
			"version": "0.0.8",
			"resolved": "https://registry.npmjs.org/minimist/-/minimist-0.0.8.tgz",
			"integrity": "sha1-hX/Kv8M5fSYluCKCYuhqp6ARsF0="
		},
		"mkdirp": {
			"version": "0.5.1",
			"resolved": "https://registry.npmjs.org/mkdirp/-/mkdirp-0.5.1.tgz",
			"integrity": "sha1-MAV0OOrGz3+MR2fzhkjWaX11yQM=",
			"requires": {
				"minimist": "0.0.8"
			}
		},
		"ms": {
			"version": "2.0.0",
			"resolved": "https://registry.npmjs.org/ms/-/ms-2.0.0.tgz",
			"integrity": "sha1-VgiurfwAvmwpAd9fmGF4jeDVl8g="
		},
		"multimatch": {
			"version": "2.1.0",
			"resolved": "https://registry.npmjs.org/multimatch/-/multimatch-2.1.0.tgz",
			"integrity": "sha1-nHkGoi+0wCkZ4vX3UWG0zb1LKis=",
			"requires": {
				"array-differ": "^1.0.0",
				"array-union": "^1.0.1",
				"arrify": "^1.0.0",
				"minimatch": "^3.0.0"
			}
		},
		"readable-stream": {
			"version": "1.1.14",
			"resolved": "https://registry.npmjs.org/readable-stream/-/readable-stream-1.1.14.tgz",
			"integrity": "sha1-fPTFTvZI44EwhMY23SB54WbAgdk=",
			"requires": {
				"core-util-is": "~1.0.0",
				"inherits": "~2.0.1",
				"isarray": "0.0.1",
				"string_decoder": "~0.10.x"
			}
		},
		"semver": {
			"version": "5.5.0",
			"resolved": "https://registry.npmjs.org/semver/-/semver-5.5.0.tgz",
			"integrity": "sha512-4SJ3dm0WAwWy/NVeioZh5AntkdJoWKxHxcmyP622fOkgHa4z3R0TdBJICINyaSDE6uNwVc8gZr+ZinwZAH4xIA=="
		},
		"streamroller": {
			"version": "0.4.1",
			"resolved": "https://registry.npmjs.org/streamroller/-/streamroller-0.4.1.tgz",
			"integrity": "sha1-1DW9WXQ3Or2b2QaDWVEwhRBswF8=",
			"requires": {
				"date-format": "^0.0.0",
				"debug": "^0.7.2",
				"mkdirp": "^0.5.1",
				"readable-stream": "^1.1.7"
			},
			"dependencies": {
				"debug": {
					"version": "0.7.4",
					"resolved": "https://registry.npmjs.org/debug/-/debug-0.7.4.tgz",
					"integrity": "sha1-BuHqgILCyxTjmAbiLi9vdX+Srzk="
				}
			}
		},
		"string_decoder": {
			"version": "0.10.31",
			"resolved": "https://registry.npmjs.org/string_decoder/-/string_decoder-0.10.31.tgz",
			"integrity": "sha1-YuIDvEF2bGwoyfyEMB2rHFMQ+pQ="
		},
		"stryker-api": {
			"version": "0.17.2",
			"resolved": "https://registry.npmjs.org/stryker-api/-/stryker-api-0.17.2.tgz",
			"integrity": "sha512-SoygOl+vdvIZidA/Crtka4Fmlt4O4Udz9yY9BPooxVc0SiBM+RhlcuasA6loFXbnds4JaEcdT85nrffiOpb9og==",
			"dev": true,
			"requires": {
				"tslib": "^1.6.0"
			}
		},
		"stryker-mocha-framework": {
			"version": "0.10.2",
			"resolved": "https://registry.npmjs.org/stryker-mocha-framework/-/stryker-mocha-framework-0.10.2.tgz",
			"integrity": "sha512-ZgMFDrQJ7Z75ja8701MM/fu1YilErz49Vh2d6oL+re5AEPJP9MlkeNuZSLPelW7Wg7nt66CrpCVpl/Ir1bmwSg==",
			"dev": true,
			"requires": {
				"log4js": "^1.1.1"
			}
		},
		"tslib": {
			"version": "1.9.2",
			"resolved": "https://registry.npmjs.org/tslib/-/tslib-1.9.2.tgz",
			"integrity": "sha512-AVP5Xol3WivEr7hnssHDsaM+lVrVXWUvd1cfXTRkTj80b//6g2wIFEH6hZG0muGZRnHGrfttpdzRk3YlBkWjKw=="
		}
	}
}
